selector:
  selectableBlocks:
    placeholder: crwdns174865:0crwdne174865:0
  tooltip:
    clone:
      ref: crwdns174867:0crwdne174867:0
      noRef: crwdns174869:0crwdne174869:0
automation:
  addPlaceholderLabel: crwdns174871:0crwdne174871:0
  availableScriptsAndWorkflow: crwdns174873:0{{count}}crwdne174873:0
  badge:
    script: crwdns174875:0crwdne174875:0
    workflow: crwdns174877:0crwdne174877:0
  buttonLabel: crwdns174879:0crwdne174879:0
  buttonVariant: crwdns174881:0crwdne174881:0
  configuredButtons: crwdns174883:0crwdne174883:0
  dummyButtonLabel: crwdns174885:0crwdne174885:0
  editButton: crwdns174887:0crwdne174887:0
  editTitle:
    script: crwdns174889:0crwdne174889:0
    workflow: crwdns174891:0crwdne174891:0
  label: crwdns174893:0crwdne174893:0
  noDescription: crwdns174895:0crwdne174895:0
  noLabel: crwdns174897:0crwdne174897:0
  noScript: crwdns174899:0crwdne174899:0
  noScripts: crwdns174901:0crwdne174901:0
  removeAll: crwdns174903:0crwdne174903:0
  searchPlaceholder: crwdns174905:0crwdne174905:0
  stepID: 'crwdns174907:0{{stepID}}crwdne174907:0'
  variants:
    primary: crwdns174909:0crwdne174909:0
    secondary: crwdns174911:0crwdne174911:0
    light: crwdns174913:0crwdne174913:0
    dark: crwdns174915:0crwdne174915:0
    success: crwdns174917:0crwdne174917:0
    danger: crwdns174919:0crwdne174919:0
    warning: crwdns174921:0crwdne174921:0
calendar:
  source:
    label: crwdns174923:0crwdne174923:0
  addEventsSource: crwdns174925:0crwdne174925:0
  calendarHeader: crwdns174927:0crwdne174927:0
  feedLabel: crwdns174929:0crwdne174929:0
  feedPlaceholder: crwdns174931:0crwdne174931:0
  eventSource: crwdns174933:0crwdne174933:0
  hideHeader: crwdns174935:0crwdne174935:0
  hideNavigation: crwdns174937:0crwdne174937:0
  hideTitle: crwdns174939:0crwdne174939:0
  hideToday: crwdns174941:0crwdne174941:0
  label: crwdns174943:0crwdne174943:0
  colorPicker: crwdns174945:0crwdne174945:0
  colorLabel: crwdns174947:0crwdne174947:0
  recordFeed:
    eventAllDay: crwdns174949:0crwdne174949:0
    eventEndFieldLabel: crwdns174951:0crwdne174951:0
    eventEndFieldPlaceholder: crwdns174953:0crwdne174953:0
    eventStartFieldLabel: crwdns174955:0crwdne174955:0
    eventStartFieldPlaceholder: crwdns174957:0crwdne174957:0
    moduleLabel: crwdns174959:0crwdne174959:0
    modulePlaceholder: crwdns174961:0crwdne174961:0
    optionLabel: crwdns174963:0crwdne174963:0
    prefilterLabel: crwdns174965:0crwdne174965:0
    prefilterPlaceholder: crwdns174967:0crwdne174967:0
    titleLabel: crwdns174969:0crwdne174969:0
    titlePlaceholder: crwdns174971:0crwdne174971:0
  reminderFeed:
    optionLabel: crwdns174973:0crwdne174973:0
  today: crwdns174975:0crwdne174975:0
  view:
    dayGridMonth: crwdns174977:0crwdne174977:0
    default: crwdns174979:0crwdne174979:0
    enabled: crwdns174981:0crwdne174981:0
    footnote: crwdns174983:0crwdne174983:0
    listMonth: crwdns174985:0crwdne174985:0
    timeGridDay: crwdns174987:0crwdne174987:0
    timeGridWeek: crwdns174989:0crwdne174989:0
    onEventClick: crwdns174991:0crwdne174991:0
    openInSameTab: crwdns174993:0crwdne174993:0
    openInNewTab: crwdns174995:0crwdne174995:0
    openInModal: crwdns174997:0crwdne174997:0
  viewLabel: crwdns174999:0crwdne174999:0
chart:
  add: crwdns175001:0crwdne175001:0
  addFunnel: crwdns175003:0crwdne175003:0
  addGauge: crwdns175005:0crwdne175005:0
  addRadar: crwdns175007:0crwdne175007:0
  addGeneric: crwdns175009:0crwdne175009:0
  createFailed: crwdns175011:0crwdne175011:0
  enableLiveFilter: crwdns175013:0crwdne175013:0
  columns:
    name: crwdns175015:0crwdne175015:0
    handle: crwdns175017:0crwdne175017:0
    changedAt: crwdns175019:0crwdne175019:0
  configure:
    label: crwdns175021:0crwdne175021:0
    reportLabel: crwdns175023:0{{l}}crwdne175023:0
    reportsLabel: crwdns175025:0crwdne175025:0
  display: crwdns175027:0crwdne175027:0
  drillDown:
    label: crwdns175029:0crwdne175029:0
    description: crwdns175031:0crwdne175031:0
    openInModal: crwdns175033:0crwdne175033:0
    configureColumns: crwdns175035:0crwdne175035:0
  edit:
    label: crwdns175037:0crwdne175037:0
    dimension:
      function:
        date: crwdns175039:0crwdne175039:0
        label: crwdns175041:0crwdne175041:0
        month: crwdns175043:0crwdne175043:0
        none: crwdns175045:0crwdne175045:0
        placeholder: crwdns175047:0crwdne175047:0
        quarter: crwdns175049:0crwdne175049:0
        week: crwdns175051:0crwdne175051:0
        year: crwdns175053:0crwdne175053:0
  label: crwdns175055:0crwdne175055:0
  pick: crwdns175057:0crwdne175057:0
  delete: crwdns175059:0crwdne175059:0
  preview:
    chartId: crwdns175061:0{{0}}crwdne175061:0
  searchPlaceholder: crwdns175063:0crwdne175063:0
  openInBuilder: crwdns175065:0crwdne175065:0
  openChartList: crwdns175067:0crwdne175067:0
  filter:
    modal:
      title: crwdns175069:0crwdne175069:0
      originalFilter:
        label: crwdns175071:0crwdne175071:0
      liveFilter:
        label: crwdns175073:0crwdne175073:0
        placeholder: crwdns175075:0crwdne175075:0
      filterPreview:
        label: crwdns175077:0crwdne175077:0
      options:
        label: crwdns175079:0crwdne175079:0
        and: crwdns175081:0crwdne175081:0
        or: crwdns175083:0crwdne175083:0
        overwrite: crwdns175085:0crwdne175085:0
content:
  ok: crwdns175087:0crwdne175087:0
  label: crwdns175089:0crwdne175089:0
  urlPlaceholder: crwdns175091:0crwdne175091:0
file:
  label: crwdns175093:0crwdne175093:0
  preview:
    label: crwdns175095:0crwdne175095:0
general:
  descriptionLabel: crwdns175097:0crwdne175097:0
  descriptionPlaceholder: crwdns175099:0crwdne175099:0
  headerStyle: crwdns175101:0crwdne175101:0
  magnifyLabel: crwdns175103:0crwdne175103:0
  customID:
    label: crwdns175105:0crwdne175105:0
    placeholder: crwdns175107:0crwdne175107:0
    description: crwdns175109:0crwdne175109:0
    invalid-state: crwdns175111:0crwdne175111:0
  customCSSClass:
    label: crwdns175113:0crwdne175113:0
    placeholder: crwdns175115:0crwdne175115:0
    description: crwdns175117:0crwdne175117:0
    invalid-state: crwdns175119:0crwdne175119:0
  visibility:
    label: crwdns175121:0crwdne175121:0
    roles:
      label: crwdns175123:0crwdne175123:0
      placeholder: crwdns175125:0crwdne175125:0
    condition:
      label: crwdns175127:0crwdne175127:0
      placeholder: crwdns175129:0crwdne175129:0
      description:
        record-page: "crwdns175131:0{{0}}crwdnd175131:0{{1}}crwdnd175131:0{{2}}crwdnd175131:0{{3}}crwdnd175131:0{{4}}crwdnd175131:0{{5}}crwdne175131:0"
        non-record-page: "crwdns175133:0{{0}}crwdnd175133:0{{1}}crwdnd175133:0{{2}}crwdnd175133:0{{3}}crwdne175133:0"
    tooltip:
      performance:
        condition: crwdns175135:0crwdne175135:0
  magnifyOptions:
    disabled: crwdns175137:0crwdne175137:0
    modal: crwdns175139:0crwdne175139:0
    fullscreen: crwdns175141:0crwdne175141:0
  wrap: crwdns175143:0crwdne175143:0
  hidden:
    label: crwdns175145:0crwdne175145:0
  refresh:
    label: crwdns175147:0crwdne175147:0
    auto: crwdns175149:0crwdne175149:0
    show: crwdns175151:0crwdne175151:0
    description: crwdns175153:0crwdne175153:0
    rate: crwdns175155:0crwdne175155:0
  border:
    show: crwdns175157:0crwdne175157:0
  label:
    add: crwdns175159:0crwdne175159:0
    back: crwdns175161:0crwdne175161:0
    edit: crwdns175163:0crwdne175163:0
    general: crwdns175165:0crwdne175165:0
    import: crwdns175167:0crwdne175167:0
    next: crwdns175169:0crwdne175169:0
    none: crwdns175171:0crwdne175171:0
    ok: crwdns175173:0crwdne175173:0
    permissions: crwdns175175:0crwdne175175:0
    remove: crwdns175177:0crwdne175177:0
    save: crwdns175179:0crwdne175179:0
    cancel: crwdns175181:0crwdne175181:0
    search: crwdns175183:0crwdne175183:0
    refresh: crwdns175185:0crwdne175185:0
    magnify: crwdns175187:0crwdne175187:0
    and: crwdns175189:0crwdne175189:0
  module: crwdns175191:0crwdne175191:0
  style:
    danger: crwdns175193:0crwdne175193:0
    default: crwdns175195:0crwdne175195:0
    primary: crwdns175197:0crwdne175197:0
    secondary: crwdns175199:0crwdne175199:0
    success: crwdns175201:0crwdne175201:0
    warning: crwdns175203:0crwdne175203:0
  title: crwdns175205:0crwdne175205:0
  titleLabel: crwdns175207:0crwdne175207:0
  titlePlaceholder: crwdns175209:0crwdne175209:0
  tooltip:
    dragAndDrop: crwdns175211:0crwdne175211:0
    translations: crwdns175213:0crwdne175213:0
iframe:
  label: crwdns175215:0crwdne175215:0
  pickURLField: crwdns175217:0crwdne175217:0
  srcDesc: crwdns175219:0crwdne175219:0
  srcFieldDesc: crwdns175221:0crwdne175221:0
  srcFieldLabel: crwdns175223:0crwdne175223:0
  srcLabel: crwdns175225:0crwdne175225:0
metric:
  metricDrillDown: crwdns175227:0crwdne175227:0
  defaultMetricLabel: crwdns175229:0crwdne175229:0
  drillDown:
    label: crwdns175231:0crwdne175231:0
    description: crwdns175233:0crwdne175233:0
    openInModal: crwdns175235:0crwdne175235:0
  edit:
    bucketLabel: crwdns175237:0crwdne175237:0
    bucketPlaceholder: crwdns175239:0crwdne175239:0
    dateFormat: crwdns175241:0crwdne175241:0
    dimensionFieldLabel: crwdns175243:0crwdne175243:0
    dimensionFieldPlaceholder: crwdns175245:0crwdne175245:0
    dimensionLabel: crwdns175247:0crwdne175247:0
    filterLabel: crwdns175249:0crwdne175249:0
    filterFootnote: crwdns175251:0{{0}}crwdnd175251:0{{1}}crwdnd175251:0{{2}}crwdnd175251:0{{3}}crwdne175251:0
    transformFootnote: crwdns175253:0{{0}}crwdnd175253:0{{1}}crwdnd175253:0{{2}}crwdnd175253:0{{3}}crwdne175253:0
    labelLabel: crwdns175255:0crwdne175255:0
    labelPlaceholder: crwdns175257:0crwdne175257:0
    metricFieldLabel: crwdns175259:0crwdne175259:0
    metricFieldPlaceholder: crwdns175261:0crwdne175261:0
    metricLabel: crwdns175263:0crwdne175263:0
    metricFieldSelect: crwdns175265:0crwdne175265:0
    metricSelectAggregate: crwdns175267:0crwdne175267:0
    metricAggregateLabel: crwdns175269:0crwdne175269:0
    moduleLabel: crwdns175271:0crwdne175271:0
    modulePlaceholder: crwdns175273:0crwdne175273:0
    numberFormat: crwdns175275:0crwdne175275:0
    operationAvg: crwdns175277:0crwdne175277:0
    operationLabel: crwdns175279:0crwdne175279:0
    operationMax: crwdns175281:0crwdne175281:0
    operationMin: crwdns175283:0crwdne175283:0
    operationPlaceholder: crwdns175285:0crwdne175285:0
    operationStd: crwdns175287:0crwdne175287:0
    operationSum: crwdns175289:0crwdne175289:0
    prefixLabel: crwdns175291:0crwdne175291:0
    refreshData: crwdns175293:0crwdne175293:0
    suffixLabel: crwdns175295:0crwdne175295:0
    tabTitle: crwdns175297:0crwdne175297:0
    transformFunctionDescription: crwdns175299:0crwdne175299:0
    transformFunctionLabel: crwdns175301:0crwdne175301:0
  editStyle:
    backgroundColor: crwdns175303:0crwdne175303:0
    color: crwdns175305:0crwdne175305:0
    colorPicker: crwdns175307:0crwdne175307:0
    fontSize: crwdns175309:0crwdne175309:0
    labelLabel: crwdns175311:0crwdne175311:0
    valueLabel: crwdns175313:0crwdne175313:0
  label: crwdns175315:0crwdne175315:0
record:
  referenceRecordField: crwdns175317:0crwdne175317:0
  referenceRecordFieldPlaceholder: crwdns175319:0crwdne175319:0
  referenceRecordFieldDescription: crwdns175321:0crwdne175321:0
  confirmDelete: crwdns175323:0crwdne175323:0
  deleteFailed: crwdns175325:0crwdne175325:0
  deleteRecord: crwdns175327:0crwdne175327:0
  invalidOwnerVar: crwdns175329:0${ownerID}crwdne175329:0
  invalidRecordVar: crwdns175331:0${record...}crwdne175331:0
  label: crwdns175333:0crwdne175333:0
  listLoadFailed: crwdns175335:0crwdne175335:0
  moduleOrPageNotSet: 'crwdns175337:0crwdne175337:0'
  moduleMismatch: crwdns175339:0crwdne175339:0
  horizontalFormLayout: crwdns175341:0crwdne175341:0
  inlineEdit:
    enabled: crwdns175343:0crwdne175343:0
    allowAddField: crwdns175345:0crwdne175345:0
    button:
      title: crwdns175347:0crwdne175347:0
    modal:
      title: crwdns175349:0crwdne175349:0
  fieldsLayoutMode:
    label: crwdns175351:0crwdne175351:0
    default: crwdns175353:0crwdne175353:0
    noWrap: crwdns175355:0crwdne175355:0
    wrap: crwdns175357:0crwdne175357:0
  preview:
    blockNoRecord: crwdns175359:0crwdne175359:0
    fieldsFromModule: crwdns175361:0{{0}}crwdnd175361:0{{1}}crwdne175361:0
    untitled: crwdns175363:0crwdne175363:0
  recordDeleted: crwdns175365:0crwdne175365:0
  recordSelectorDisplayOptions: crwdns175367:0crwdne175367:0
  openInSameTab: crwdns175369:0crwdne175369:0
  openInNewTab: crwdns175371:0crwdne175371:0
  openInModal: crwdns175373:0crwdne175373:0
  fieldConditions:
    label: crwdns175375:0crwdne175375:0
    action: crwdns175377:0crwdne175377:0
    placeholder: crwdns175379:0crwdne175379:0
    selectPlaceholder: crwdns175381:0crwdne175381:0
    help: crwdns175383:0crwdne175383:0
    field: crwdns175385:0crwdne175385:0
    condition: crwdns175387:0crwdne175387:0
    tooltip:
      performance: crwdns175389:0crwdne175389:0
  recordSelectorCanAddRecord: crwdns175391:0crwdne175391:0
  recordSelectorAddRecordDisplayOption: crwdns175393:0crwdne175393:0
recordList:
  noModule: crwdns175395:0crwdne175395:0
  addRecord: crwdns175397:0crwdne175397:0
  cancelSelection: crwdns175399:0crwdne175399:0
  customFilter: crwdns175401:0crwdne175401:0
  prefilter:
    toggleInputType: crwdns175403:0crwdne175403:0
  filterByValue: crwdns175405:0crwdne175405:0
  filterPresets:
    filterName: crwdns175407:0crwdne175407:0
    saveFilterAsPreset: crwdns175409:0crwdne175409:0
  inlineValueFilter:
    enabled: crwdns175411:0crwdne175411:0
  inlineEdit:
    enabled: crwdns175413:0crwdne175413:0
    allowAddField: crwdns175415:0crwdne175415:0
    fields:
      configure:
        tooltip: crwdns175417:0crwdne175417:0
    button:
      title: crwdns175419:0crwdne175419:0
    modal:
      title: crwdns175421:0crwdne175421:0
  bulkRecord:
    title: crwdns175423:0crwdne175423:0
    field:
      add: crwdns175425:0crwdne175425:0
      addAnother: crwdns175427:0crwdne175427:0
      remove: crwdns175429:0crwdne175429:0
    reset: crwdns175431:0crwdne175431:0
  drillDown:
    filter:
      label: crwdns175433:0crwdne175433:0
  tooltip:
    deleteSelected: crwdns175435:0crwdne175435:0
    performance:
      impact: crwdns175437:0crwdne175437:0
      moduleFields: crwdns175439:0crwdne175439:0
      perPage: crwdns175441:0crwdne175441:0
    restoreSelected: crwdns175443:0crwdne175443:0
  editFields: crwdns175445:0crwdne175445:0
  export:
    all: crwdns175447:0crwdne175447:0
    allow: crwdns175449:0crwdne175449:0
    csv: crwdns175451:0crwdne175451:0
    dateRange: crwdns175453:0crwdne175453:0
    multiValueDelimiter:
      label: crwdns175455:0crwdne175455:0
      semicolon:
        label: crwdns175457:0crwdne175457:0
      comma:
        label: crwdns175459:0crwdne175459:0
      pipe:
        label: crwdns175461:0crwdne175461:0
      semicolonArray:
        label: "crwdns175463:0crwdne175463:0"
      commaArray:
        label: "crwdns175465:0crwdne175465:0"
      pipeArray:
        label: "crwdns175467:0crwdne175467:0"
    query:
      label: crwdns175469:0crwdne175469:0
      placeholder: crwdns175471:0crwdne175471:0
    filter:
      label: crwdns175473:0crwdne175473:0
      placeholder: crwdns175475:0crwdne175475:0
      footnote: crwdns175477:0{{0}}crwdnd175477:0{{1}}crwdnd175477:0{{2}}crwdnd175477:0{{3}}crwdne175477:0
      createdAt: crwdns175479:0crwdne175479:0
      custom: crwdns175481:0crwdne175481:0
      lastMonth: crwdns175483:0crwdne175483:0
      lastWeek: crwdns175485:0crwdne175485:0
      thisMonth: crwdns175487:0crwdne175487:0
      thisWeek: crwdns175489:0crwdne175489:0
      today: crwdns175491:0crwdne175491:0
      from: crwdns175493:0crwdne175493:0
      to: crwdns175495:0crwdne175495:0
      updatedAt: crwdns175497:0crwdne175497:0
    inRange: crwdns175499:0crwdne175499:0
    includeQuery: crwdns175501:0crwdne175501:0
    json: crwdns175503:0crwdne175503:0
    limitations: 'crwdns175505:0crwdne175505:0'
    rangeBy: crwdns175507:0crwdne175507:0
    recordCount: 'crwdns175509:0{{count}}crwdne175509:0'
    selectFields: 'crwdns175511:0crwdne175511:0'
    selection: crwdns175513:0crwdne175513:0
    specifyTimezone: crwdns175515:0crwdne175515:0
    timezonePlaceholder: crwdns175517:0crwdne175517:0
    datePresetUndefined: crwdns175519:0crwdne175519:0
  federated: crwdns175521:0crwdne175521:0
  fields: crwdns175523:0crwdne175523:0
  filter:
    addField: crwdns175525:0crwdne175525:0
    byValue: crwdns175527:0crwdne175527:0
    addFilterToPreset: crwdns175529:0crwdne175529:0
    nil: 'crwdns175531:0crwdne175531:0'
    conditions:
      and: crwdns175533:0crwdne175533:0
      or: crwdns175535:0crwdne175535:0
    operatorLabels:
      is: crwdns175537:0crwdne175537:0
      equal: crwdns175539:0crwdne175539:0
      notEqual: crwdns175541:0crwdne175541:0
      in: crwdns175543:0crwdne175543:0
      notIn: crwdns175545:0crwdne175545:0
      greaterThan: crwdns175547:0crwdne175547:0
      lessThan: crwdns175549:0crwdne175549:0
      like: crwdns175551:0crwdne175551:0
      notLike: crwdns175553:0crwdne175553:0
      between: crwdns175555:0crwdne175555:0
      notBetween: crwdns175557:0crwdne175557:0
    deletedRecords: crwdns175559:0crwdne175559:0
    field: crwdns175561:0crwdne175561:0
    fieldPlaceholder: crwdns175563:0crwdne175563:0
    fieldValue: crwdns175565:0crwdne175565:0
    fieldValuePlaceholder: crwdns175567:0crwdne175567:0
    including: crwdns175569:0crwdne175569:0
    label: crwdns175571:0crwdne175571:0
    note: 'crwdns175573:0crwdne175573:0'
    only: crwdns175575:0crwdne175575:0
    operators:
      like: crwdns175577:0crwdne175577:0
      notLike: crwdns175579:0crwdne175579:0
      contains: crwdns175581:0crwdne175581:0
      notContains: crwdns175583:0crwdne175583:0
      equal: crwdns175585:0crwdne175585:0
      greaterThan: crwdns175587:0crwdne175587:0
      lessThan: crwdns175589:0crwdne175589:0
      notEqual: crwdns175591:0crwdne175591:0
      between: crwdns175593:0crwdne175593:0
      notBetween: crwdns175595:0crwdne175595:0
    title: crwdns175597:0crwdne175597:0
    update: crwdns175599:0crwdne175599:0
    where: crwdns175601:0crwdne175601:0
    without: crwdns175603:0crwdne175603:0
    presets: crwdns175605:0crwdne175605:0
    reset: crwdns175607:0crwdne175607:0
    filters:
      label: crwdns175609:0crwdne175609:0
      active: 'crwdns175611:0crwdne175611:0'
    name:
      label: crwdns175613:0crwdne175613:0
      placeholder: crwdns175615:0crwdne175615:0
    role:
      label: crwdns175617:0crwdne175617:0
      placeholder: crwdns175619:0crwdne175619:0
  hideRecordCloneButton: crwdns175621:0crwdne175621:0
  hideRecordEditButton: crwdns175623:0crwdne175623:0
  hideRecordPermissionsButton: crwdns175625:0crwdne175625:0
  hideRecordReminderButton: crwdns175627:0crwdne175627:0
  hideRecordViewButton: crwdns175629:0crwdne175629:0
  hideConfigureFieldsButton: crwdns175631:0crwdne175631:0
  enableRecordPageNavigation: crwdns175633:0crwdne175633:0
  import:
    dropzoneFileAdded: 'crwdns175635:0{{name}}crwdnd175635:0{{count}}crwdne175635:0'
    dropzoneFileAdded_plural: 'crwdns175637:0{{name}}crwdnd175637:0{{count}}crwdne175637:0'
    dropzoneLabel: crwdns175639:0crwdne175639:0
    failed: 'crwdns175641:0{{failReason}}crwdne175641:0'
    fileColumns: crwdns175643:0crwdne175643:0
    hasRequiredFileFields: 'crwdns175645:0crwdne175645:0'
    matchFields: 'crwdns175647:0crwdne175647:0'
    moduleFields: crwdns175649:0crwdne175649:0
    onError: crwdns175651:0crwdne175651:0
    onErrorFail: crwdns175653:0crwdne175653:0
    onErrorSkip: crwdns175655:0crwdne175655:0
    pickModuleField: crwdns175657:0crwdne175657:0
    importing: crwdns175659:0crwdne175659:0
    success: crwdns175661:0crwdne175661:0
    to: crwdns175663:0{{modulename}}crwdne175663:0
    uploadFile: crwdns175665:0crwdne175665:0
    idFieldDescription: crwdns175667:0crwdne175667:0
    multiValueDelimiter:
      label: crwdns175669:0crwdne175669:0
      semicolon:
        label: crwdns175671:0crwdne175671:0
      comma:
        label: crwdns175673:0crwdne175673:0
      pipe:
        label: crwdns175675:0crwdne175675:0
      semicolonArray:
        label: "crwdns175677:0crwdne175677:0"
      commaArray:
        label: "crwdns175679:0crwdne175679:0"
      pipeArray:
        label: "crwdns175681:0crwdne175681:0"
    report:
      count: crwdns175683:0crwdne175683:0
      detectedErrors: crwdns175685:0crwdne175685:0
      error: crwdns175687:0crwdne175687:0
      failedEntries: crwdns175689:0crwdne175689:0
      failedEntriesLine: crwdns175691:0crwdne175691:0
      failedEntriesLines: crwdns175693:0crwdne175693:0
      failedRecords: crwdns175695:0crwdne175695:0
      finishedAt: crwdns175697:0crwdne175697:0
      importedRecords: crwdns175699:0crwdne175699:0
      startedAt: crwdns175701:0crwdne175701:0
      title: crwdns175703:0crwdne175703:0
      totalRecords: crwdns175705:0crwdne175705:0
  label: crwdns175707:0crwdne175707:0
  modulePlaceholder: crwdns175709:0crwdne175709:0
  moduleFootnote: crwdns175711:0{{0}}crwdne175711:0
  moduleFieldsFootnote: crwdns175713:0crwdne175713:0
  noRecords: crwdns175715:0crwdne175715:0
  pagination:
    next: crwdns175717:0crwdne175717:0
    prev: crwdns175719:0crwdne175719:0
    showing: 'crwdns175721:0{{from}}crwdnd175721:0{{to}}crwdnd175721:0{{count}}crwdne175721:0'
    single_one: crwdns175723:0crwdne175723:0
    single_other: 'crwdns175725:0{{count}}crwdne175725:0'
    recordsPerPage: crwdns175727:0crwdne175727:0
    selectLabel: crwdns175729:0crwdne175729:0
  positionField:
    footnote: crwdns175731:0crwdne175731:0
    placeholder: crwdns175733:0crwdne175733:0
    label: crwdns175735:0crwdne175735:0
  preview:
    addRecordButton: crwdns175737:0crwdne175737:0
    bePaged: 'crwdns175739:0{{0}}crwdne175739:0'
    isDisabled: 'crwdns175741:0{{0}}crwdne175741:0'
    isEnabled: 'crwdns175743:0{{0}}crwdne175743:0'
    isHidden: 'crwdns175745:0{{0}}crwdne175745:0'
    isShown: 'crwdns175747:0{{0}}crwdne175747:0'
    moduleNotSelected: crwdns175749:0crwdne175749:0
    recordFromModule: 'crwdns175751:0{{0}}crwdnd175751:0{{1}}crwdne175751:0'
    recordsPerPage: 'crwdns175753:0{{0}}crwdne175753:0'
    resultsCan: crwdns175755:0crwdne175755:0
    resultsCant: crwdns175757:0crwdne175757:0
    resultsPrefiltered: 'crwdns175759:0crwdne175759:0'
    searchInput: crwdns175761:0crwdne175761:0
    sorting: crwdns175763:0crwdne175763:0
    tableHeader: crwdns175765:0crwdne175765:0
    usersSearchThrough: crwdns175767:0crwdne175767:0
    usersSee: crwdns175769:0{{0}}crwdne175769:0
    withPresortedRecords: crwdns175771:0{{0}}crwdne175771:0
  record:
    draggable: crwdns175773:0crwdne175773:0
    editMode: crwdns175775:0crwdne175775:0
    fullPageNavigation: crwdns175777:0crwdne175777:0
    hideAddButton: crwdns175779:0crwdne175779:0
    hideImportButton: crwdns175781:0crwdne175781:0
    pagingLabel: crwdns175783:0crwdne175783:0
    pagingOptions: crwdns175785:0crwdne175785:0
    moreOptions: crwdns175787:0crwdne175787:0
    hidePaging: crwdns175789:0crwdne175789:0
    inlineEditor: crwdns175791:0crwdne175791:0
    inlineEditorAllow: crwdns175793:0crwdne175793:0
    recordsLabel: crwdns175795:0crwdne175795:0
    noPermission: crwdns175797:0crwdne175797:0
    perPage: crwdns175799:0crwdne175799:0
    prefilterFootnote: crwdns175801:0{{0}}crwdnd175801:0{{1}}crwdnd175801:0{{2}}crwdnd175801:0{{3}}crwdne175801:0
    prefilterHideSearch: crwdns175803:0crwdne175803:0
    filterHide: crwdns175805:0crwdne175805:0
    prefilterLabel: crwdns175807:0crwdne175807:0
    generalLabel: crwdns175809:0crwdne175809:0
    prefilterCommand: crwdns175811:0crwdne175811:0
    prefilterPlaceholder: crwdns175813:0crwdne175813:0
    presortFootnote: crwdns175815:0crwdne175815:0
    presortToggleInput: crwdns175817:0crwdne175817:0
    presortHideSort: crwdns175819:0crwdne175819:0
    presortLabel: crwdns175821:0crwdne175821:0
    presortInputLabel: crwdns175823:0crwdne175823:0
    presortPlaceholder: crwdns175825:0crwdne175825:0
    showTotalCount: crwdns175827:0crwdne175827:0
    showRecordPerPageOption: crwdns175829:0crwdne175829:0
    showDeletedRecordsOption: crwdns175831:0crwdne175831:0
    setCustomFilterPresets: crwdns175833:0crwdne175833:0
    openInSameTab: crwdns175835:0crwdne175835:0
    openInNewTab: crwdns175837:0crwdne175837:0
    openInModal: crwdns175839:0crwdne175839:0
    createInSameTab: crwdns175841:0crwdne175841:0
    createInNewTab: crwdns175843:0crwdne175843:0
    createInModal: crwdns175845:0crwdne175845:0
    enableBulkRecordEdit: crwdns175847:0crwdne175847:0
    buttons: crwdns175849:0crwdne175849:0
    tooltip:
      clone: crwdns175851:0crwdne175851:0
      edit: crwdns175853:0crwdne175853:0
      delete: crwdns175855:0crwdne175855:0
      restore: crwdns175857:0crwdne175857:0
      reminder: crwdns175859:0crwdne175859:0
      view: crwdns175861:0crwdne175861:0
      permissions: crwdns175863:0crwdne175863:0
    recordDisplayOptions: crwdns175865:0crwdne175865:0
    recordSelectorDisplayOptions: crwdns175867:0crwdne175867:0
    addRecordOptions: crwdns175869:0crwdne175869:0
    textStyles: crwdns175871:0crwdne175871:0
    configureWrappedFields: crwdns175873:0crwdne175873:0
  recordPage: crwdns175875:0crwdne175875:0
  refField:
    footnote: crwdns175877:0crwdne175877:0
    label: crwdns175879:0crwdne175879:0
  selectable: crwdns175881:0crwdne175881:0
  selected: 'crwdns175883:0{{count}}crwdnd175883:0{{total}}crwdne175883:0'
  selectedFromAllPages: 'crwdns175885:0{{count}}crwdne175885:0'
  selectAllRecords: crwdns175887:0crwdne175887:0
  unselectAllRecords: crwdns175889:0crwdne175889:0
  sort:
    tooltip: crwdns175891:0crwdne175891:0
  showRecords:
    deleted: crwdns175893:0crwdne175893:0
    existing: crwdns175895:0crwdne175895:0
  summaries:
    label: crwdns175897:0crwdne175897:0
    customSummaries:
      label: crwdns175899:0crwdne175899:0
      description: crwdns175901:0crwdne175901:0
      add:
        label: crwdns175903:0crwdne175903:0
        tooltip: crwdns175905:0crwdne175905:0
    param:
      label:
        label: crwdns175907:0crwdne175907:0
        placeholder: crwdns175909:0crwdne175909:0
      field:
        label: crwdns175911:0crwdne175911:0
        placeholder: crwdns175913:0crwdne175913:0
      metric:
        label: crwdns175915:0crwdne175915:0
        placeholder: crwdns175917:0crwdne175917:0
      role:
        label: crwdns175919:0crwdne175919:0
        placeholder: crwdns175921:0crwdne175921:0
    metrics:
      sum:
        label: crwdns175923:0crwdne175923:0
      min:
        label: crwdns175925:0crwdne175925:0
      max:
        label: crwdns175927:0crwdne175927:0
      avg:
        label: crwdns175929:0crwdne175929:0
      emptyCount:
        label: crwdns175931:0crwdne175931:0
      notEmptyCount:
        label: crwdns175933:0crwdne175933:0
      uniqueCount:
        label: crwdns175935:0crwdne175935:0
recordOrganizer:
  onRecordClick: crwdns175937:0crwdne175937:0
  openInSameTab: crwdns175939:0crwdne175939:0
  openInNewTab: crwdns175941:0crwdne175941:0
  openInModal: crwdns175943:0crwdne175943:0
  module:
    placeholder: crwdns175945:0crwdne175945:0
  descriptionField:
    footnote: crwdns175947:0crwdne175947:0
    label: crwdns175949:0crwdne175949:0
  group:
    footnote: crwdns175951:0crwdne175951:0
    label: crwdns175953:0crwdne175953:0
  groupField:
    footnote: crwdns175955:0crwdne175955:0
    label: crwdns175957:0crwdne175957:0
  label: crwdns175959:0crwdne175959:0
  labelField:
    footnote: crwdns175961:0crwdne175961:0
    label: crwdns175963:0crwdne175963:0
  noRecords: crwdns175965:0crwdne175965:0
  notConfigured: crwdns175967:0crwdne175967:0
  positionField:
    footnote: crwdns175969:0crwdne175969:0
    placeholder: crwdns175971:0crwdne175971:0
    label: crwdns175973:0crwdne175973:0
  preview:
    label: 'crwdns175975:0{{0}}crwdnd175975:0{{1}}crwdnd175975:0{{2}}crwdnd175975:0{{3}}crwdnd175975:0{{4}}crwdne175975:0'
    moduleNotSelected: crwdns175977:0crwdne175977:0
  addNewRecord: crwdns175979:0crwdne175979:0
recordRevisions:
  label: crwdns175981:0crwdne175981:0
  viewer:
    errors:
      no-record: crwdns175983:0crwdne175983:0
      no-revisions: crwdns175985:0crwdne175985:0
      disabled-on-module: crwdns175987:0crwdne175987:0
    show-revisions: crwdns175989:0{{ revision }}crwdne175989:0
    show-changes: "crwdns175991:0{{ count }}crwdne175991:0"
    operations:
      created: crwdns175993:0crwdne175993:0
      updated: crwdns175995:0crwdne175995:0
      soft-deleted: crwdns175997:0crwdne175997:0
      undeleted: crwdns175999:0crwdne175999:0
      hard-deleted: crwdns176001:0crwdne176001:0
    revisions:
      columns:
        timestamp:
          label: crwdns176003:0crwdne176003:0
        operation:
          label: crwdns176005:0crwdne176005:0
        user:
          label: crwdns176007:0crwdne176007:0
    changes:
      columns:
        field:
          label: crwdns176009:0crwdne176009:0
        old-value:
          label: crwdns176011:0crwdne176011:0
        new-value:
          label: crwdns176013:0crwdne176013:0
  configurator:
    label: crwdns176015:0crwdne176015:0
    preload: crwdns176017:0crwdne176017:0
    errors:
      invalid-module-id: crwdns176019:0crwdne176019:0
    fields:
      label: crwdns176021:0crwdne176021:0
      show-all:
        label: crwdns176023:0crwdne176023:0
      columns:
        label:
          label: crwdns176025:0crwdne176025:0
        kind:
          label: crwdns176027:0crwdne176027:0
        displayed-fields:
          label: crwdns176029:0crwdne176029:0
        expanded-references:
          label: crwdns176031:0crwdne176031:0
socialFeed:
  label: crwdns176033:0crwdne176033:0
  noInput: crwdns176035:0crwdne176035:0
  preview:
    socialFeed: crwdns176037:0crwdne176037:0
  twitterProfileField: crwdns176039:0crwdne176039:0
  twitterProfileLabel: crwdns176041:0crwdne176041:0
selectBlockFootnote: crwdns176043:0crwdne176043:0
field:
  noPermission: crwdns176045:0crwdne176045:0
  selector:
    available: crwdns176047:0crwdne176047:0
    systemField: crwdns176049:0crwdne176049:0
comment:
  label: crwdns176051:0crwdne176051:0
  module:
    placeholder: crwdns176053:0crwdne176053:0
  titleField:
    label: crwdns176055:0crwdne176055:0
    footnote: crwdns176057:0crwdne176057:0
  contentField:
    label: crwdns176059:0crwdne176059:0
    footnote: crwdns176061:0crwdne176061:0
  replyField:
    label: crwdns176063:0crwdne176063:0
    footnote: crwdns176065:0crwdne176065:0
  title:
    placeholder: crwdns176067:0crwdne176067:0
  content:
    placeholder: crwdns176069:0crwdne176069:0
  submit: crwdns176071:0crwdne176071:0
  noComments: crwdns176073:0crwdne176073:0
  load:
    older: crwdns176075:0crwdne176075:0
    newer: crwdns176077:0crwdne176077:0
  sortDirection:
    label: crwdns176079:0crwdne176079:0
    footnote: crwdns176081:0crwdne176081:0
    asc: crwdns176083:0crwdne176083:0
    desc: crwdns176085:0crwdne176085:0
  referenceField:
    label: crwdns176087:0crwdne176087:0
    footnote: crwdns176089:0crwdne176089:0
  today: crwdns176091:0crwdne176091:0
  yesterday: crwdns176093:0crwdne176093:0
navigation:
  chart: crwdns176095:0crwdne176095:0
  colorPicker: crwdns176097:0crwdne176097:0
  noNavigationItems: crwdns176099:0crwdne176099:0
  label: crwdns176101:0crwdne176101:0
  displayOptions: crwdns176103:0crwdne176103:0
  appearance: crwdns176105:0crwdne176105:0
  alignment: crwdns176107:0crwdne176107:0
  justify: crwdns176109:0crwdne176109:0
  fieldLabel: crwdns176111:0crwdne176111:0
  enabled: crwdns176113:0crwdne176113:0
  openIn: crwdns176115:0crwdne176115:0
  navigationItems: crwdns176117:0crwdne176117:0
  type: crwdns176119:0crwdne176119:0
  disabled: crwdns176121:0crwdne176121:0
  color: crwdns176123:0crwdne176123:0
  background: crwdns176125:0crwdne176125:0
  url: crwdns176127:0crwdne176127:0
  drop: crwdns176129:0crwdne176129:0
  add: crwdns176131:0crwdne176131:0
  addDropdown: crwdns176133:0crwdne176133:0
  composePage: crwdns176135:0crwdne176135:0
  tabs: crwdns176137:0crwdne176137:0
  pills: crwdns176139:0crwdne176139:0
  small: crwdns176141:0crwdne176141:0
  center: crwdns176143:0crwdne176143:0
  left: crwdns176145:0crwdne176145:0
  right: crwdns176147:0crwdne176147:0
  bottom: crwdns176149:0crwdne176149:0
  top: crwdns176151:0crwdne176151:0
  None: crwdns176153:0crwdne176153:0
  primary: crwdns176155:0crwdne176155:0
  secondary: crwdns176157:0crwdne176157:0
  success: crwdns176159:0crwdne176159:0
  warning: crwdns176161:0crwdne176161:0
  danger: crwdns176163:0crwdne176163:0
  info: crwdns176165:0crwdne176165:0
  text: crwdns176167:0crwdne176167:0
  dropdown: crwdns176169:0crwdne176169:0
  multi: crwdns176171:0crwdne176171:0
  sameTab: crwdns176173:0crwdne176173:0
  selectOpenInType: crwdns176175:0crwdne176175:0
  newTab: crwdns176177:0crwdne176177:0
  dropdownItems: crwdns176179:0crwdne176179:0
  delimiter: crwdns176181:0crwdne176181:0
  none: crwdns176183:0crwdne176183:0
  displaySubPages: crwdns176185:0crwdne176185:0
  selectBackground: crwdns176187:0crwdne176187:0
  preview:
    preview: crwdns176189:0crwdne176189:0
    label: crwdns176191:0crwdne176191:0
    home: crwdns176193:0crwdne176193:0
    dropdown: crwdns176195:0crwdne176195:0
    about: crwdns176197:0crwdne176197:0
report:
  label: crwdns176199:0crwdne176199:0
  scenario:
    label: crwdns176201:0crwdne176201:0
  element:
    label: crwdns176203:0crwdne176203:0
progress:
  add: crwdns176205:0crwdne176205:0
  count: crwdns176207:0crwdne176207:0
  aggregate:
    label: crwdns176209:0crwdne176209:0
    select: crwdns176211:0crwdne176211:0
  animated: crwdns176213:0crwdne176213:0
  default-variant: crwdns176215:0crwdne176215:0
  display-options: crwdns176217:0crwdne176217:0
  fetch-failed: crwdns176219:0crwdne176219:0
  field:
    label: crwdns176221:0crwdne176221:0
    select: crwdns176223:0crwdne176223:0
  label: crwdns176225:0crwdne176225:0
  module:
    select: crwdns176227:0crwdne176227:0
    label: crwdns176229:0crwdne176229:0
  preview: crwdns176231:0crwdne176231:0
  show:
    value: crwdns176233:0crwdne176233:0
    relative: crwdns176235:0crwdne176235:0
    progress: crwdns176237:0crwdne176237:0
  tab:
    label: crwdns176239:0crwdne176239:0
  thresholds: crwdns176241:0crwdne176241:0
  threshold:
    label: crwdns176243:0crwdne176243:0
    variant: crwdns176245:0crwdne176245:0
  value:
    label: crwdns176247:0crwdne176247:0
    min: crwdns176249:0crwdne176249:0
    max: crwdns176251:0crwdne176251:0
    default:
      label: crwdns176253:0crwdne176253:0
      description: crwdns176255:0crwdne176255:0
  variant:
    default: crwdns176257:0crwdne176257:0
    danger: crwdns176259:0crwdne176259:0
    dark: crwdns176261:0crwdne176261:0
    info: crwdns176263:0crwdne176263:0
    light: crwdns176265:0crwdne176265:0
    primary: crwdns176267:0crwdne176267:0
    secondary: crwdns176269:0crwdne176269:0
    success: crwdns176271:0crwdne176271:0
    warning: crwdns176273:0crwdne176273:0
geometry:
  label: crwdns176275:0crwdne176275:0
  viewLabel: crwdns176277:0crwdne176277:0
  feedLabel: crwdns176279:0crwdne176279:0
  source:
    label: crwdns176281:0crwdne176281:0
  addSource: crwdns176283:0crwdne176283:0
  lock: crwdns176285:0crwdne176285:0
  mapHelpText: crwdns176287:0crwdne176287:0
  onMarkerClick: crwdns176289:0crwdne176289:0
  openInSameTab: crwdns176291:0crwdne176291:0
  openInNewTab: crwdns176293:0crwdne176293:0
  openInModal: crwdns176295:0crwdne176295:0
  hideGeoSearch: crwdns176297:0crwdne176297:0
  recordFeed:
    colorPicker: crwdns176299:0crwdne176299:0
    moduleLabel: crwdns176301:0crwdne176301:0
    modulePlaceholder: crwdns176303:0crwdne176303:0
    optionLabel: crwdns176305:0crwdne176305:0
    prefilterLabel: crwdns176307:0crwdne176307:0
    colorLabel: crwdns176309:0crwdne176309:0
    geometryFieldLabel: crwdns176311:0crwdne176311:0
    titleLabel: crwdns176313:0crwdne176313:0
    titlePlaceholder: crwdns176315:0crwdne176315:0
    geometryFieldPlaceholder: crwdns176317:0crwdne176317:0
    displayMarker: crwdns176319:0crwdne176319:0
    displayPolygon: crwdns176321:0crwdne176321:0
  centerLabel: crwdns176323:0crwdne176323:0
  zoom:
    zoomLabel: crwdns176325:0crwdne176325:0
    zoomMinLabel: crwdns176327:0crwdne176327:0
    zoomMaxLabel: crwdns176329:0crwdne176329:0
    zoomStartingLabel: crwdns176331:0crwdne176331:0
  bounds:
    boundsLabel: crwdns176333:0crwdne176333:0
    lockBounds: crwdns176335:0crwdne176335:0
    topLeft: crwdns176337:0crwdne176337:0
    lowerRight: crwdns176339:0crwdne176339:0
  tooltip:
      goToCurrentLocation: crwdns176341:0crwdne176341:0
tabs:
  label: crwdns176343:0crwdne176343:0
  alertTitle: crwdns176345:0crwdne176345:0
  title: crwdns176347:0crwdne176347:0
  tab: crwdns176349:0crwdne176349:0
  selectBlock: crwdns176351:0crwdne176351:0
  noTabs: crwdns176353:0crwdne176353:0
  noBlock: crwdns176355:0crwdne176355:0
  displayTitle: crwdns176357:0crwdne176357:0
  preview: crwdns176359:0crwdne176359:0
  newBlockModal: crwdns176361:0crwdne176361:0
  placeholder:
    block: crwdns176363:0crwdne176363:0
  style:
    appearance:
      label: crwdns176365:0crwdne176365:0
      tabs: crwdns176367:0crwdne176367:0
      pills: crwdns176369:0crwdne176369:0
      small: crwdns176371:0crwdne176371:0
    alignment:
      label: crwdns176373:0crwdne176373:0
      left: crwdns176375:0crwdne176375:0
      center: crwdns176377:0crwdne176377:0
      right: crwdns176379:0crwdne176379:0
    justify:
      label: crwdns176381:0crwdne176381:0
      justify: crwdns176383:0crwdne176383:0
      none: crwdns176385:0crwdne176385:0
    orientation:
      label: crwdns176387:0crwdne176387:0
      vertical: crwdns176389:0crwdne176389:0
      horizontal: crwdns176391:0crwdne176391:0
    position:
      label: crwdns176393:0crwdne176393:0
      start: crwdns176395:0crwdne176395:0
      end: crwdns176397:0crwdne176397:0
  table:
    columns:
      title:
        label: crwdns176399:0crwdne176399:0
      block:
        label: crwdns176401:0crwdne176401:0
  tooltip:
    edit: crwdns176403:0crwdne176403:0
    clone: crwdns176405:0crwdne176405:0
    copy: crwdns176407:0crwdne176407:0
    delete: crwdns176409:0crwdne176409:0
    editDisabled: crwdns176411:0crwdne176411:0
    addBlock: crwdns176413:0crwdne176413:0
noConfiguration: crwdns176415:0crwdne176415:0
interpolationFootnote: crwdns176417:0{{0}}crwdnd176417:0{{1}}crwdnd176417:0{{2}}crwdnd176417:0{{3}}crwdne176417:0
