automation:
  addPlaceholderLabel: Добавить текст
  availableScriptsAndWorkflow: Доступные сценарии и рабочие процессы
  badge:
    script: Скрипт
    workflow: бизнес-процесс
  buttonLabel: Надпись
  buttonVariant: Выбор
  configuredButtons: Настроить кнопку
  dummyButtonLabel: Макет
  editButton: Изменить
  editTitle:
    script: Редактировать скрипт автоматизации
    workflow: Кнопка редактирования рабочего процесса
  label: Автоматизация
  noDescription: Нет описания
  noLabel: Не заполнено
  noScript: Для этой кнопки не настроен сценарий или рабочий процесс
  noScripts: Нет ручных скриптов, совместимых с этим блоком страницы
  removeAll: Удалить все
  searchPlaceholder: Фильтр доступных скриптов по метке, имени скрипта и описанию
  variants:
    primary: Начальный
    secondary: Второй
    light: Светлая
    dark: Темная
    success: Успешно
    danger: Внимание
    warning: Предупреждение
calendar:
  source:
    label: Источник
  addEventsSource: Добавить источник событий
  calendarHeader: Заголовок календаря
  feedLabel: Настроить источник событий
  hideHeader: Скрыть заголовок календаря
  hideNavigation: Скрыть кнопку «предыдущая/следующая»
  hideTitle: Скрыть текст заголовка
  hideToday: Скрыть кнопку сегодня
  label: Календарь
  colorLabel: Цвет события
  recordFeed:
    eventAllDay: Событие на весь день
    eventEndFieldLabel: Окончание события
    eventStartFieldLabel: Начало события
    moduleLabel: Модуль
    optionLabel: Запись
    prefilterLabel: Предварительно отфильтрованные события
    prefilterPlaceholder: field1 = 1 AND field2 = 232
  reminderFeed:
    optionLabel: Напоминания
  today: Сегодня
  view:
    dayGridMonth: Месяц
    default: Цает по умолчанию
    enabled: Включенные представления
    footnote: Убедитесь, что значение по умолчанию является одним из доступных представлений
    listMonth: Повестка дня
    timeGridDay: День
    timeGridWeek: Неделя
  viewLabel: Календарь
chart:
  add: Новая диаграмма
  addFunnel: Воронка продаж
  addGauge: Калибровочная диаграмма
  addGeneric: Общая диаграмм
  createFailed: Не удалось создать отчет
  columns:
    name: Имя
    handle: Указатель
  configure:
    label: Настройки диаграммы
    reportLabel: Отчет {{l}}
    reportsLabel: Отчеты
  display: Диаграмма для отображения внутри этого блока
  edit:
    label: Редактировать диаграмму
    dimension:
      function:
        date: Дата
        label: функция
        month: месяц
        none: (no grouping / buckets)
        placeholder: Select dimension modifier (bucket size)
        quarter: четверть
        week: неделя
        year: Год
  label: Диаграмма
  pick: Выбрать диаграмму
  delete: Удалить
  preview:
    chartId: Предварительный просмотр диаграммы (ID {{0}})
  searchPlaceholder: Введите здесь для поиска всех диаграмм в этом пространстве имен
content:
  ok: Ok
  label: Content
  urlPlaceholder: https://example.tld
file:
  label: Файл
  preview:
    label: Блок файлов
general:
  descriptionLabel: Описание
  descriptionPlaceholder: Юлок описаний
  headerStyle: Цвет блочного заголовка
  visibility:
    roles:
      label: Роль
  hidden:
    label: Скрытый
  label:
    add: Добавить
    back: Назад
    edit: Изменить
    general: общий
    import: Импорт
    next: Следующий
    none: Нет
    ok: Ok
    permissions: Разрешения
    remove: Удалить
    save: Сохранить
    cancel: Отменить
    search: Поиск
  module: Модуль
  style:
    danger: Другие варианты
    default: Темный вариант
    primary: Первичный вариант
    secondary: Второй вариант
    success: Успешный вариант
    warning: Вариант с предупреждением
  title: Добавить блок
  titleLabel: Заголовок
  titlePlaceholder: заголовок блока
  tooltip:
    dragAndDrop: Перетащите для изменения порядка
iframe:
  label: IFrame
  pickURLField: Выбирать поле URL
  srcDesc: Используется как запасной вариант при установке в сочетании с полем записи.
  srcFieldDesc: Доступно только на страницах записи и модулях с существующим видом поля "url"
  srcFieldLabel: Поле (URL) от записи к использованию для iframe
  srcLabel: URL для отображения в iframe
metric:
  defaultMetricLabel: неизвестная метрика
  edit:
    bucketLabel: Bucket size
    bucketPlaceholder: Select a bucket size
    dateFormat: Формат даты
    dimensionFieldLabel: Поле
    dimensionFieldPlaceholder: Поле измерений
    dimensionLabel: измерение
    filterLabel: Фильтр
    labelLabel: Надпись
    labelPlaceholder: Надпись
    metricFieldLabel: Поле
    metricFieldPlaceholder: Поле измерений
    metricLabel: Метрика
    metricAggregateLabel: Оператор агрегации
    moduleLabel: Модуль
    modulePlaceholder: Выбирать модуль
    numberFormat: числовой формат
    operationAvg: Avg
    operationLabel: Aggregation operation
    operationMax: Max
    operationMin: Min
    operationPlaceholder: Оператор агрегации
    operationStd: Std
    operationSum: Sum
    prefixLabel: Префикс
    refreshData: обновить данные
    suffixLabel: Суффикс
    tabTitle: Метрика
    transformFunctionDescription: v - current value; label - current value's label
    transformFunctionLabel: Transform value
  editStyle:
    backgroundColor: Цвет заднего фона
    color: Цвет текста
    fontSize: Размер шрифта в пикселях
    labelLabel: Стиль надписи
    valueLabel: Значение стиля
  label: Метрика
record:
  confirmDelete: Вы уверены, что хотите удалить эту запись?
  deleteFailed: Не удалось удалить запись
  deleteRecord: ' Удалить запись'
  invalidOwnerVar: Не может использовать переменную ${ownerID} на страницах, не являющихся variable
  invalidRecordVar: Не может использовать переменную ${record...} на страницах, не являющихся variable
  label: Запись
  listLoadFailed: Не удалось загрузить список записей
  moduleOrPageNotSet: 'Ошибка блока RecordList: не задан параметр модуля или страницы'
  moduleMismatch: Несовместимый модуль, несоответствие модулей
  preview:
    fieldsFromModule: Одиночный блок записи, отображающие поля ({{0}}) из модуля {{1}}
    untitled: нет названия
  recordDeleted: Эта запись была удален
  fieldConditions:
    action: + Добавить
    field: Поле
recordList:
  addRecord: Добавить
  cancelSelection: Отмена
  bulkRecord:
    reset: Перезагрузка
  editFields: Поля модулей для редактирования
  export:
    all: Экспортировать все записи
    csv: Экспорт в CSV
    query:
      label: Поисковый запрос
      placeholder: Поиск...
    filter:
      placeholder: field1 = 1 AND field2 = 232
      createdAt: Запись создана
      custom: Пользовательский
      lastMonth: Прошлый месяц
      lastWeek: На прошлой неделе
      thisMonth: Этот месяц
      thisWeek: Эта неделя
      today: Сегодня
      from: From
      to: К
      updatedAt: Обновить запись
    includeQuery: Фильтровать по поисковому запросу
    json: JSON Экспорт
    limitations: 'Ограничение экспорта CSV: экспортируется только первое значение в многозначных полях'
    recordCount: '{{count}} Все записи готовы к экспорту'
    selectFields: 'Выберите поля для экспорта:'
    selection: Выбранные записи
    specifyTimezone: Экпорт to timezone
    timezonePlaceholder: Выберете timezone
    datePresetUndefined: дата непонятна
  federated: объединение
  fields: ' Поля модуля'
  filter:
    addField: Добавить новое поле фильтра
    byValue: Фильтровать записи на основе значения поля
    conditions:
      and: AND
      or: OR
    operatorLabels:
      in: содержит
    deletedRecords: ' Удалить записи'
    field: поле Фильтр
    fieldPlaceholder: Выбирать поле
    fieldValue: Значение поля
    fieldValuePlaceholder: Фильтр поля ввода
    including: Включая
    label: Фильтр
    note: 'Примечание: Если значение поля не определено, фильтр будет искать записи, в которых значение этого поля не определено.'
    only: Единственный
    operators:
      contains: Содержит
      equal: Равно
      greaterThan: Превышает
      lessThan: не превышает
      notEqual: Не равно
    title: Запись списка фильтров
    update: Обновить фильтр
    where: Where
    without: Without
    filters:
      label: Фильтры
    name:
      label: Имя
    role:
      label: Роль
  hideRecordCloneButton: Скрыть кнопку записи клона
  hideRecordEditButton: Скрыть кнопку редактирования записи
  hideRecordPermissionsButton: Скрыть кнопку разрешения записи
  hideRecordReminderButton: Скрыть кнопку напоминания записи
  hideRecordViewButton: Скрывать кнопку записи просмотра
  import:
    dropzoneFileAdded: '{{name}}загружен и готов для импорта({{count}} запись)'
    dropzoneFileAdded_plural: '{{name}} загружен и готов для импорта ({{count}} запись)'
    dropzoneLabel: Нажмите или опустить файл здесь, чтобы загрузить (.csv or JSON)
    failed: 'Что-то пошло не так во время импорта. Пожалуйста, попробуйте еще раз:: {{failReason}}'
    fileColumns: Столбцы файла
    hasRequiredFileFields: 'Этот модуль имеет необходимые поля загрузки файлов'
    matchFields: 'Соответствие импортированных столбцов существующим'
    moduleFields: ' Поля модуля'
    onError: Если какая-либо запись не импортируется
    onErrorFail: Отмена импорта
    onErrorSkip: Перескочить запись
    pickModuleField: Выбирать поле модуля
    success: Импорт успешно завершен
    to: Импортировать {{modulename}}
    uploadFile: Загрузить файл, который вы хотите импортировать (.csv or JSON format)
    report:
      count: количество записей
      detectedErrors: Обнаруженные ошибки
      error: Error
      failedEntries: Неудавшиеся записи источника
      failedEntriesLine: Вход
      failedEntriesLines: Дубли записей 
      failedRecords: Не записано
      finishedAt: Закончилась в
      importedRecords: Импортируемые записи
      startedAt: Начать
      title: Записывать сообщение об ошибке импорта
      totalRecords: Асего записей
  label: Лист записей
  moduleFootnote: Модули без {{0}} может использоваться только в списке записей в качестве встроенного редактора
  noRecords: Нет записей, соответствующих вашему запросу
  pagination:
    next: Следующий
    prev: предыдущий
    showing: '{{from}} - {{to}} из {{count}} записей'
    single_one: Одна запись
    single_other: '{{count}} записей'
  positionField:
    footnote: Записи будут отсортированы по этому полю
    label: Поле сортировки записи
  preview:
    addRecordButton: Добавлять кнопку записи
    bePaged: '{{0}} на страницы.'
    isDisabled: '{{0}} отключен.'
    isEnabled: '{{0}} включен.'
    isHidden: '{{0}} скрыт.'
    isShown: '{{0}} показано'
    moduleNotSelected: Блок с таблицей записей, модуль не выбран.
    recordFromModule: 'Отображение записей из модуля {{0}} со столбцами: {{1}}'
    recordsPerPage: '{{0}} записей отображается на странице.'
    resultsCan: Результаты могут
    resultsCant: Результаты не могут
    resultsPrefiltered: 'Результаты предварительно фильтруются:'
    searchInput: Поле ввода поиска
    sorting: Сортировка
    tableHeader: Заголовок таблицы
    usersSearchThrough: Пользователи выполняют поиск по записям
    usersSee: Пользователи видят {{0}}
  record:
    draggable: Можно перетаскивать записи, чтобы упорядочить их
    fullPageNavigation: Полная навигация по страницам
    recordsLabel: Запись
    noPermission: Нет разрешения на чтение записи
    perPage: Записей на странице
    prefilterCommand: Предварительный фильтр
    prefilterPlaceholder: поле1 = 1 AND поле2 = 232
    presortLabel: Сортировка
    presortPlaceholder: поле1 DESC,  поле2 = ASC
    showTotalCount: Показать общее количество записей
    tooltip:
      clone: Копировать
      edit: Изменить
      delete: Удалить
      view: Просмотр
      permissions: Разрешения
  recordPage: страница записи
  refField:
    footnote: Поле, которое связывает записи с родительской записью
    label: Родительское поле
  selected: 'Выбрано {{count}} из {{total}} записей'
  summaries:
    customSummaries:
      add:
        label: Добавить
    param:
      label:
        label: Лейбл
      field:
        label: Поле
      metric:
        label: Показатель
    metrics:
      sum:
        label: Sum
      min:
        label: Min
      max:
        label: Max
      avg:
        label: Avg
recordOrganizer:
  descriptionField:
    footnote: "\nЗначение поля будет использоваться как описание записи"
    label: Поле описания
  group:
    label: Ключевое значение
  groupField:
    footnote: Поле, значение которого изменится при перемещении записи в организатор записей
    label: Ключевое поле
  label: Организатор записи
  labelField:
    footnote: Значение поля будет использоваться как метка записи
    label: Поле метки
  noRecords: Нет записей в модуле, связанном с организатором записей. Перетащите записи сюда.
  notConfigured: Организатор записи настроен неправильно
  positionField:
    label: Поле сортировки записи
  preview:
    label: 'Блок «Организатор записей» для модуля {{0}}. Поле метки {{1}}, поле описания {{2}}. Поле установки значения: {{3}}, поле сортировки по положению: {{4}}.'
    moduleNotSelected: Модуль Организатор записи не выбран
  addNewRecord: + Добавить
recordRevisions:
  viewer:
    operations:
      created: Создать
    revisions:
      columns:
        user:
          label: Пользователь
    changes:
      columns:
        field:
          label: Поле
  configurator:
    fields:
      columns:
        label:
          label: Лейбл
        kind:
          label: Тип
socialFeed:
  label: Twitter поле
  noInput: Нет ввода для отображения социальной ленты...
  preview:
    socialFeed: Лента Twitterblo
  twitterProfileField: Поле, содержащее URL-адрес профиля Twitter для записи
  twitterProfileLabel: URL-адрес профиля Twitter для страниц списка, например (https://twitter.com/bloomberg)
selectBlockFootnote: Некоторые типы могут быть отключены для страниц без записи
field:
  noPermission: Нет разрешения на чтение значения поля
  selector:
    available: Доступные поля
    systemField: (системное поле)
comment:
  label: Комментарии
  titleField:
    label: Заголовок поля
    footnote: Значение поля будет использоваться как заголовок записи
  contentField:
    label: Поле содержимого *
    footnote: Значение поля будет использоваться как содержимое записи
  title:
    placeholder: Заголовок
  submit: Применить
  sortDirection:
    label: Направление сортировки
  referenceField:
    label: Справочное поле
  today: Сегодня
navigation:
  chart: Диаграммы
  fieldLabel: Лейбл
  enabled: Включено
  type: Тип
  color: Цвет
  url: URL
  left: Налево
  right: Направо
  bottom: Вниз
  top: Наверх
  None: Нет
  primary: Начальный
  secondary: Второй
  success: Успешно
  warning: Предупреждение
  danger: Внимание
  none: Нет
  preview:
    preview: Просмотр
    label: Лейбл
progress:
  add: + Добавить
  aggregate:
    label: Оператор агрегации
  field:
    label: Поле
  module:
    select: Выберите модуль
    label: Модуль
  preview: Живой пример
  value:
    label: Значение
    min: Минимальное значение
    max: Максимальное значение
    default:
      label: Значение по умолчанию
  variant:
    default: Темная
    danger: Внимание
    dark: Темная
    light: Светлая
    primary: Начальный
    secondary: Второй
    success: Успешно
    warning: Предупреждение
geometry:
  label: Схема
  viewLabel: Схема
  source:
    label: Источник
  recordFeed:
    moduleLabel: Модуль*
    modulePlaceholder: (Нет модуля)
    optionLabel: Запись
    titleLabel: Заголовок
    titlePlaceholder: Заголовок
tabs:
  preview: Живой пример
  newBlockModal: Добавить блок
  style:
    alignment:
      left: Налево
      right: Направо
    justify:
      none: Нет
    position:
      end: Последний
  table:
    columns:
      title:
        label: Заголовок
  tooltip:
    addBlock: Добавить блок
