automation:
  addPlaceholderLabel: إضافة عنصر (زر وهمي)
  availableScriptsAndWorkflow: البرامج النصية ومهام سير العمل المتوفرة ({{count}})
  badge:
    script: سكربت
    workflow: سير عمل
  buttonLabel: وصف
  buttonVariant: متغير
  configuredButtons: الأزرار المكونة
  dummyButtonLabel: وهمي
  editButton: تحرير
  editTitle:
    script: زر تحرير البرنامج النصي للأتمتة
    workflow: زر تحرير سير العمل
  label: أتمتة
  noDescription: بدون وصف
  noLabel: غير مصنف
  noScript: لا يوجد برنامج نصي أو سير عمل تم تكوينه لهذا الزر
  noScripts: لا توجد نصوص برمجية يدوية متوافقة مع كتلة الصفحة هذه
  removeAll: حذف الكل
  searchPlaceholder: تصفية البرامج النصية المتاحة عن طريق التسمية واسم البرنامج النصي والوصف
  variants:
    primary: اساسي
    secondary: ثانوي
    light: فاتح
    dark: غامق
    success: ناجح
    danger: خطر
    warning: تنبيه
calendar:
  source:
    label: المصدر
  addEventsSource: إضافة مصدر الأحداث
  calendarHeader: رأس التقويم
  feedLabel: تكوين مصدر الأحداث
  hideHeader: إخفاء رأس التقويم
  hideNavigation: إخفاء زر السابق / التالي
  hideTitle: إخفاء نص العنوان
  hideToday: زر إخفاء اليوم
  label: تقويم
  colorLabel: لون الحدث
  recordFeed:
    eventAllDay: عرض كفعاليات اليوم كله
    eventEndFieldLabel: نهاية الحدث
    eventStartFieldLabel: بداية الحدث
    moduleLabel: موديول
    optionLabel: سجلات
    prefilterLabel: أحداث التصفية المسبقة
    prefilterPlaceholder: الحقل 1 = 1 و الحقل 2 = 232
  reminderFeed:
    optionLabel: تذكير
  today: اليوم
  view:
    dayGridMonth: شهر
    default: العرض الافتراضي
    enabled: العرض المفعل
    footnote: تأكد من أن الافتراضي هو أحد طرق العرض المتاحة
    listMonth: جدول أعمال
    timeGridDay: يوم
    timeGridWeek: اسبوع
  viewLabel: تقويم
chart:
  add: مخطط جديد
  addFunnel: مخطط قمعي
  addGauge: مخطط القياس
  addGeneric: مخطط عام
  createFailed: تعذر إنشاء مخطط
  columns:
    name: اسم
    handle: المعرف
  configure:
    label: تكوين الرسم البياني
    reportLabel: تقرير {{l}}
    reportsLabel: التقارير
  display: الرسم البياني المراد عرضه داخل هذه الكتلة
  edit:
    label: تحرير المخطط
    dimension:
      function:
        date: تاريخ
        label: دالة
        month: شهر
        none: (لا يوجد تجميع / مجموعات)
        placeholder: حدد معدل الأبعاد (حجم المحموعة)
        quarter: ربع
        week: اسبوع
        year: سنه
  label: رسم بياني
  pick: اختر مخططًا
  delete: حذف
  preview:
    chartId: معاينة المخطط (المعرف {{0}})
  searchPlaceholder: اكتب هنا للبحث في جميع المخططات في مساحة الاسم هذه
content:
  ok: موافق
  label: محتوى
  urlPlaceholder: https://example.tld
file:
  label: ملف
  preview:
    label: كتلة الملف
general:
  descriptionLabel: وصف
  descriptionPlaceholder: وصف الكتلة
  headerStyle: نمط رأس الكتلة (اللون)
  visibility:
    roles:
      label: ادوار
    condition:
      label: شرط
  magnifyOptions:
    disabled: معطل
  hidden:
    label: مخفي
  label:
    add: أضف
    back: عودة
    edit: تحرير
    general: عام
    import: استيراد
    next: التالي
    none: لايوجد
    ok: موافق
    permissions: الصلاحيات
    remove: الغاء
    save: حفظ
    cancel: الغاء
    search: بحث
  module: موديول
  style:
    danger: صيغة الخطر
    default: البديل الداكن
    primary: البديل الأساسي
    secondary: البديل الثانوي
    success: متغير النجاح
    warning: متغير التحذير
  title: إضافة كتلة جديدة
  titleLabel: عنوان
  titlePlaceholder: عنوان الكتلة
  tooltip:
    dragAndDrop: قم بالسحب والإفلات لتغيير النظام
iframe:
  label: IFrame
  pickURLField: اختر حقل URL
  srcDesc: تستخدم كبديل عند التعيين مع حقل التسجيل.
  srcFieldDesc: متاح فقط على صفحات التسجيل والوحدات النمطية ذات نوع الحقل "url" الموجود
  srcFieldLabel: الحقل (URL) من السجل المراد استخدامه لإطار iframe
  srcLabel: عنوان URL للعرض في iframe
metric:
  defaultMetricLabel: مقياس بدون اسم
  edit:
    bucketLabel: Bucket size
    bucketPlaceholder: حدد حجم bucket
    dateFormat: صيغة التاريخ
    dimensionFieldLabel: مجال
    dimensionFieldPlaceholder: مجال البعد
    dimensionLabel: البعد
    filterLabel: المرشحات
    labelLabel: وصف
    labelPlaceholder: وصف
    metricFieldLabel: Field
    metricFieldPlaceholder: مجال البعد
    metricLabel: مقياس
    metricAggregateLabel: عملية التجميع
    moduleLabel: موديول
    modulePlaceholder: اختر موديول
    numberFormat: تنسيق الأرقام
    operationAvg: متوسط
    operationLabel: عملية التجميع
    operationMax: أقصى
    operationMin: ادنى
    operationPlaceholder: عملية التجميع
    operationStd: Std
    operationSum: Sum
    prefixLabel: بادئة
    refreshData: تحديث
    suffixLabel: لاحقة
    tabTitle: مقياس
    transformFunctionDescription: v - current value; label - current value's label
    transformFunctionLabel: قيمة التحويل
  editStyle:
    backgroundColor: لون الخلفية
    color: لون النص
    fontSize: حجم الخط بالبكسل
    labelLabel: نمط التسمية
    valueLabel: نمط القيمة
  label: مقياس
record:
  confirmDelete: هل أنت متأكد أنك تريد حذف هذا السجل؟
  deleteFailed: تعذر حذف السجل
  deleteRecord: حذف سجل
  invalidOwnerVar: لا يمكن استخدام متغير ${ownerID} في الصفحات غير المسجلة
  invalidRecordVar: لا يمكن استخدام متغير ${record...} في الصفحات غير المسجلة
  label: سجل
  listLoadFailed: تعذر تحميل قائمة السجلات
  moduleOrPageNotSet: 'خطأ في حظر قائمة السجل: لم يتم تعيين خيار الوحدة النمطية أو الصفحة'
  moduleMismatch: الوحدة غير متوافقة ، الوحدة غير متطابقة
  fieldsLayoutMode:
    default: افتراضي
  preview:
    fieldsFromModule: كتلة سجل واحد ، عرض الحقول ({{0}}) من الوحدة {{1}}
    untitled: بدون عنوان
  recordDeleted: تم حذف هذا السجل
  fieldConditions:
    action: +أضف
    field: حقل
    condition: شرط
recordList:
  addRecord: أضف
  cancelSelection: الغاء
  bulkRecord:
    reset: اعادة تعيين
  editFields: حقول وحدة قابلة للتحرير
  export:
    all: تصدير كافة السجلات
    csv: تصدير CSV
    dateRange: حدد النطاق الزمني
    query:
      label: استعلام بحث
      placeholder: بحث...
    filter:
      placeholder: الحقل 1 = 1 و الحقل 2 = 232
      createdAt: تم انشاء السجل
      custom: مخصص
      lastMonth: الشهر الماضي
      lastWeek: الأسبوع الماضي
      thisMonth: هذا الشهر
      thisWeek: هذا الاسبوع
      today: اليوم
      from: من
      to: الى
      updatedAt: تم تحديث السجل
    includeQuery: تصفية حسب استعلام البحث
    json: تصدير JSON
    limitations: 'قيود تصدير CSV: سيتم تصدير القيمة الأولى فقط في الحقول متعددة القيم'
    rangeBy: حدد النطاق حسب
    recordCount: '{{count}} سجلات جاهزة للتصدير'
    selectFields: 'حدد الحقول التي تريد تصديرها:'
    selection: السجلات المختارة
    specifyTimezone: تصدير إلى المنطقة الزمنية
    timezonePlaceholder: اختر المجال الزمني
    datePresetUndefined: ضبط مسبق للتاريخ غير معروف
  federated: Federation
  fields: خانات الموديول
  filter:
    addField: إضافة حقل مرشح جديد
    byValue: تصفية السجلات على أساس قيمة الحقل
    conditions:
      and: AND
      or: OR
    operatorLabels:
      in: يتضمن
      notLike: ليس هكذا
    deletedRecords: سجلات محذوفة
    field: حقل التصفية
    fieldPlaceholder: اختر حقل
    fieldValue: قيمة الحقل
    fieldValuePlaceholder: مرشح مجال الإدخال
    including: يشمل
    label: مرشح
    note: 'ملاحظة: إذا كانت قيمة الحقل غير محددة ، فسيقوم عامل التصفية بالبحث عن السجلات التي تكون فيها قيمة هذا الحقل غير محددة.'
    only: فقط
    operators:
      like: مثل
      contains: يتضمن
      equal: يساوي
      greaterThan: أكثر من
      lessThan: أقل من
      notEqual: لا يساوي
    title: مرشح قائمة السجلات
    update: تحديث عامل التصفية
    where: Where
    without: بدون
    filters:
      label: المرشحات
    name:
      label: اسم
    role:
      label: ادوار
  hideRecordCloneButton: إخفاء زر نسخ السجل
  hideRecordEditButton: إخفاء زر تحرير السجل
  hideRecordPermissionsButton: إخفاء زر أذونات التسجيل
  hideRecordReminderButton: زر إخفاء سجل التذكير
  hideRecordViewButton: إخفاء زر عرض السجل
  import:
    dropzoneFileAdded: 'تم تحميل {{name}} وهو جاهز للاستيراد (سجل {{count}})'
    dropzoneFileAdded_plural: 'تم تحميل {{name}} وهو جاهز للاستيراد ({{count}} السجلات)'
    dropzoneLabel: انقر أو أفلت الملف هنا للتحميل (.csv أو JSON)
    failed: 'حدث خطأ ما أثناء الاستيراد. يرجى المحاولة مرة أخرى: {{failReason}}'
    fileColumns: أعمدة الملف
    hasRequiredFileFields: 'هذه الوحدة تتطلب حقول تحميل الملف'
    matchFields: 'مطابقة الأعمدة المستوردة مع الأعمدة الموجودة'
    moduleFields: حقول الموديول
    onError: إذا فشل استيراد أي سجل
    onErrorFail: إلغاء الاستيراد
    onErrorSkip: تخطي السجل
    pickModuleField: اختر حقل وحدة نمطية
    success: نجح الاستيراد
    to: استيراد إلى {{modulename}}
    uploadFile: قم بتحميل الملف الذي تريد استيراده (تنسيق.csv أو JSON)
    report:
      count: عدد السجلات
      detectedErrors: تم الكشف عن الأخطاء
      error: خطأ
      failedEntries: إدخالات المصدر الفاشلة
      failedEntriesLine: دخول
      failedEntriesLines: الإدخالات من إلى (شاملة)
      failedRecords: السجلات الفاشلة
      finishedAt: انتهى عند
      importedRecords: السجلات المستوردة
      startedAt: بدأت في
      title: سجل تقرير خطأ الاستيراد
      totalRecords: إجمالي السجلات
  label: قائمة السجلات
  moduleFootnote: لا يمكن استخدام الوحدات التي لا تحتوي على {{0}} إلا في قائمة السجلات كمحرر مضمن
  noRecords: لا توجد سجلات تطابق طلبك
  pagination:
    next: التالي
    prev: السابق
    showing: '{{from}} - {{to}} من {{count}} من السجلات'
    single_one: سجل واحد
    single_other: '{{count}} سجلات'
    selectLabel: اختيار خيار
  positionField:
    footnote: سيتم فرز السجلات بناءً على هذا الحقل
    label: سجل فرز الحقل
  preview:
    addRecordButton: زر إضافة التسجيل
    bePaged: 'يتم ترحيل {{0}}.'
    isDisabled: 'تم تعطيل {{0}}.'
    isEnabled: 'تم تمكين {{0}}.'
    isHidden: '{{0}} مخفي.'
    isShown: 'تم عرض {{0}}'
    moduleNotSelected: منع مع جدول السجلات ، الوحدة النمطية غير محددة.
    recordFromModule: 'عرض السجلات من وحدة {{0}} مع الأعمدة: {{1}}'
    recordsPerPage: 'يتم عرض {{0}} من السجلات في كل صفحة.'
    resultsCan: يمكن النتائج
    resultsCant: لا يمكن النتائج
    resultsPrefiltered: 'يتم تصفية النتائج مسبقًا:'
    searchInput: مربع إدخال البحث
    sorting: فرز
    tableHeader: رأس الجدول
    usersSearchThrough: يبحث المستخدمون في السجلات
    usersSee: يرى المستخدمون {{0}}
  record:
    draggable: يمكن سحب وإسقاط السجلات لترتيبها
    fullPageNavigation: التنقل في صفحة كاملة
    recordsLabel: سجلات
    noPermission: لا يوجد إذن لقراءة السجل
    perPage: سجل لكل صفحة
    prefilterCommand: التصفية المسبقة
    prefilterPlaceholder: الحقل 1 = 1 و الحقل 2 = 232
    presortFootnote: Simplified SQL condition (ORDER BY ...) syntax is supported
    presortLabel: فرز
    presortPlaceholder: field1 DESC, field2 ASC
    showTotalCount: إظهار إجمالي عدد السجلات
    tooltip:
      clone: نسخ
      edit: تحرير
      delete: حذف
      view: عرض
      permissions: الصلاحيات
  recordPage: صفحة السجل
  refField:
    footnote: الحقل الذي يربط السجلات بالسجل الأصل
    label: Parent field
  selected: '{{count}} من {{total}} سجلات محددة'
  summaries:
    customSummaries:
      add:
        label: أضف
    param:
      label:
        label: وصف
      field:
        label: حقل
      metric:
        label: مقياس
    metrics:
      sum:
        label: Sum
      min:
        label: ادنى
      max:
        label: أقصى
      avg:
        label: متوسط
recordOrganizer:
  descriptionField:
    footnote: سيتم استخدام قيمة الحقل كوصف سجل
    label: حقل الوصف
  group:
    label: القيمة الرئيسية
  groupField:
    footnote: الحقل الذي ستتغير قيمته عند نقل أحد السجلات إلى منظم السجل
    label: مفتاح الخانة
  label: منظم السجلات
  labelField:
    footnote: سيتم استخدام قيمة الحقل كوصف سجل
    label: حقل التسمية
  noRecords: لا توجد سجلات في الوحدة مرتبطة بمنظم السجلات. سحب وإسقاط السجلات هنا.
  notConfigured: لم يتم تكوين منظم السجل بشكل صحيح
  positionField:
    label: سجل فرز المجال
  preview:
    label: 'كتلة منظم السجل للوحدة {{0}}. حقل التسمية {{1}} ، حقل الوصف {{2}}. حقل إعداد القيمة: {{3}} ، مرتبة حسب حقل الموضع: {{4}}.'
    moduleNotSelected: وحدة منظم السجلات غير محددة
  addNewRecord: +أضف
recordRevisions:
  viewer:
    operations:
      created: تم انشائه
    revisions:
      columns:
        timestamp:
          label: الختم الزمني
        user:
          label: مستخدم
    changes:
      columns:
        field:
          label: حقل
  configurator:
    fields:
      columns:
        label:
          label: وصف
        kind:
          label: نوع
socialFeed:
  label: مصدر تويتر
  noInput: لا يوجد إدخال لعرض التغذية الاجتماعية...
  preview:
    socialFeed: مصدر Twitterblo
  twitterProfileField: الحقل الذي يحتوي على عنوان URL لملف تعريف Twitter للسجل
  twitterProfileLabel: عنوان URL لملف تعريف Twitter لصفحات القائمة ، أي (https://twitter.com/bloomberg)
selectBlockFootnote: قد يتم تعطيل بعض الأنواع للصفحات غير المسجلة
field:
  noPermission: لا يوجد إذن لقراءة قيمة الحقل
  selector:
    available: الحقول المتاحة
    systemField: (حقل النظام)
comment:
  label: تعليقات
  titleField:
    label: حقل العنوان
    footnote: سيتم استخدام قيمة الحقل كوصف سجل
  contentField:
    label: حقل المحتوى *
    footnote: سيتم استخدام قيمة الحقل كوصف سجل
  title:
    placeholder: عنوان
  submit: إرسال
  sortDirection:
    label: نوع الاتجاه
  referenceField:
    label: الحقل المرجعي
  today: اليوم
navigation:
  chart: الرسوم البيانية
  fieldLabel: وصف
  enabled: مفعل
  type: نوع
  disabled: معطل
  color: اللون
  url: URL
  small: صغير
  left: يسار
  right: يمين
  bottom: الأسفل
  top: اعلى
  None: لايوجد
  primary: اساسي
  secondary: ثانوي
  success: ناجح
  warning: تنبيه
  danger: خطر
  info: معلومات
  text: نص
  none: لايوجد
  preview:
    preview: معاينة
    label: وصف
progress:
  add: +أضف
  aggregate:
    label: عملية التجميع
  field:
    label: حقل
  module:
    select: Select module
    label: موديول
  preview: مثال حي
  value:
    label: قيمة
    min: اقل قيمة
    max: اقصى قيمة
    default:
      label: القيم الافتراضية
  variant:
    default: غامق
    danger: خطر
    dark: غامق
    info: معلومات
    light: فاتح
    primary: اساسي
    secondary: ثانوي
    success: ناجح
    warning: تنبيه
geometry:
  label: خريطة
  viewLabel: خريطة
  source:
    label: المصدر
  recordFeed:
    moduleLabel: موديول*
    modulePlaceholder: (موديول)
    optionLabel: سجلات
    titleLabel: عنوان
    titlePlaceholder: عنوان
tabs:
  preview: مثال حي
  newBlockModal: إضافة كتلة جديدة
  style:
    appearance:
      small: صغير
    alignment:
      left: يسار
      right: يمين
    justify:
      none: لايوجد
    orientation:
      vertical: عمودي
      horizontal: افقي
    position:
      end: انهاء
  table:
    columns:
      title:
        label: عنوان
  tooltip:
    addBlock: إضافة كتلة جديدة
