automation:
  addPlaceholderLabel: Platzhalter hinzufügen (Dummy-Schaltfläche)
  availableScriptsAndWorkflow: Verfügbare Skripte und Arbeitsabläufe ({{count}})
  badge:
    script: Script
    workflow: Arbeitsfluss
  buttonLabel: Label
  buttonVariant: Variante
  configuredButtons: Konfigurierte Knöpfe
  dummyButtonLabel: Attrappe
  editButton: Bearbeiten
  editTitle:
    script: Schaltfläche Automatisierungsskript bearbeiten
    workflow: Schaltfläche Workflow bearbeiten
  label: Automatisierung
  noDescription: Keine Beschreibung
  noLabel: Unbeschriftet
  noScript: Für diese Schaltfläche ist kein Skript oder Arbeitsablauf konfiguriert
  noScripts: Es gibt keine manuellen Skripte, die mit diesem Seitenblock kompatibel sind
  removeAll: Alles entfernen
  searchPlaceholder: Verfügbare Skripte nach Bezeichnung, Skriptname und Beschreibung filtern
  variants:
    primary: Primär
    secondary: Sekundär
    light: Hell
    dark: Dunkel
    success: Erfolgreich
    danger: Gefährlich
    warning: Warning
calendar:
  addEventsSource: Ereignisquelle hinzufügen
  calendarHeader: Kalenderkopf
  feedLabel: Ereignisquelle konfigurieren
  feedPlaceholder: Select a feed source
  hideHeader: Kalenderkopf ausblenden
  hideNavigation: Vorherige/Nächste Schlatfläche ausblenden
  hideTitle: Titeltext ausblenden
  hideToday: Schaltfläche Heute ausblenden
  label: Kalender
  colorLabel: Ereignis Farbe
  recordFeed:
    eventAllDay: Als ganztägige Veranstaltungen anzeigen
    eventEndFieldLabel: Ereignisende 
    eventEndFieldPlaceholder: (No field, event will last 1 hour)
    eventStartFieldLabel: Ereignisstart
    eventStartFieldPlaceholder: (Kein Feld)
    moduleLabel: Select module
    modulePlaceholder: (No module)
    optionLabel: Datensätze
    prefilterLabel: Vorfilter-Veranstaltungen
    prefilterPlaceholder: feld1 = 1 AND feld2 = 232
    titleLabel: Title
    titlePlaceholder: (Kein Feld)
  reminderFeed:
    optionLabel: Erinnerungshilfen
  today: Heute
  view:
    dayGridMonth: Monat
    default: Standardansicht
    enabled: Freigegebene Ansichten
    footnote: Stellen Sie sicher, dass Standard eine der verfügbaren Ansichten ist
    listMonth: Agenda
    timeGridDay: Tag
    timeGridWeek: Woche
  viewLabel: '$t(block.calendar.label)'
chart:
  add: Neues Diagramm
  addFunnel: Trichter-Diagramm
  addGauge: Gauge Diagramm
  addGeneric: Allgemeines Diagramm
  createFailed: Konnte kein Diagramm erstellen
  columns:
    name: Name
    handle: Name
  configure:
    label: Tabelle konfigurieren
    reportLabel: Datensatz {{l}}
    reportsLabel: Datensätze
  display: 'Chart to display inside this block:'
  edit:
    label: Diagramm bearbeiten
    dimension:
      function:
        date: DATUM
        label: Funktion
        month: MONAT
        none: (keine Gruppierung / Buckets)
        placeholder: Dimensionsmodifikator auswählen (Eimergröße)
        quarter: VIERTEL
        week: WOCHE
        year: JAHR
  label: Graph
  pick: Wählen Sie ein Diagramm
  delete: Löschen
  preview:
    chartId: Diagrammvorschau (ID {{0}})
  searchPlaceholder: Geben Sie hier ein, um alle Diagramme in diesem Namensraum zu suchen
  filter:
    modal:
      liveFilter:
        placeholder: (no filter)
content:
  ok: Ok
  label: Inhalt
  urlPlaceholder: https://example.tld
file:
  label: Datei
  preview:
    label: Datei-Block
general:
  descriptionLabel: '$t(general.label.description)'
  descriptionPlaceholder: Block Beschreibung
  headerStyle: Blocküberschrift (Farbe)
  visibility:
    roles:
      label: Roles
  magnifyOptions:
    disabled: Deaktivieren
  hidden:
    label: Versteckt
  label:
    add: Hinzufügen
    back: Zurück
    edit: Bearbeiten
    general: Allgemeines
    import: Importieren
    next: Nächste
    none: Kein
    ok: Ok
    permissions: Berechtigungen
    remove: Entfernen
    save: Speichern
    cancel: Abbrechen
    search: Suchen
  module: Modul
  style:
    danger: Gefährliche Variante
    default: Dunkle Variante
    primary: Primäre Variante
    secondary: Sekundäre Variante
    success: Erfolgsvariante
    warning: Warnvariante
  title: Neuen Block hinzufügen
  titleLabel: '$t(general.label.title)'
  titlePlaceholder: Blocktitel
  tooltip:
    dragAndDrop: Ziehen und Ablegen zum Ändern der Reihenfolge
iframe:
  label: IFrame
  pickURLField: Wählen Sie ein URL-Feld
  srcDesc: Wird als Fallback verwendet, wenn es in Kombination mit einem Datensatzfeld gesetzt wird.
  srcFieldDesc: Nur auf Datensatzseiten und in Modulen mit vorhandenem Feldtyp "url" verfügbar
  srcFieldLabel: Feld (URL) aus dem Datensatz, das für den iframe verwendet werden soll
  srcLabel: URL, die im Iframe angezeigt werden soll
metric:
  defaultMetricLabel: Unbenannte Metrik
  edit:
    bucketLabel: Größe des Eimers
    bucketPlaceholder: Wählen Sie eine Eimergröße
    dateFormat: Datumsformat
    dimensionFieldLabel: Feld
    dimensionFieldPlaceholder: Feld Dimension
    dimensionLabel: Dimension
    filterLabel: Filter
    filterFootnote: Simplified SQL condition (WHERE ...) syntax is supported. Variables like {{0}}, {{1}} and {{2}} are evaluated (when available)
    labelLabel: Label
    labelPlaceholder: Label
    metricFieldLabel: Feld
    metricFieldPlaceholder: Feld Dimension
    metricLabel: Metrisch
    metricAggregateLabel: Aggregationsvorgang
    moduleLabel: Modul
    modulePlaceholder: Modul auswählen
    numberFormat: Zahlenformat
    operationAvg: Avg
    operationLabel: Aggregationsvorgang
    operationMax: Max
    operationMin: Min
    operationPlaceholder: Aggregationsvorgang
    operationStd: Std
    operationSum: Sum
    prefixLabel: Präfix
    refreshData: Daten aktualisieren
    suffixLabel: Suffix
    tabTitle: Metrisch
    transformFunctionDescription: v - aktueller Wert; label - Bezeichnung des aktuellen Wertes
    transformFunctionLabel: Wert umwandeln
  editStyle:
    backgroundColor: Hintergrundfarbe
    color: Textfarbe
    fontSize: Textgröße in Pixel
    labelLabel: Label-Stil
    valueLabel: Stil des Wertes
  label: Metrisch
record:
  confirmDelete: Bist du sicher, dass du den Datensatz löschen möchtest?
  deleteFailed: Datensatz konnte nicht gelöscht werden
  deleteRecord: Datensatz löschen
  invalidOwnerVar: Die Variable ${ownerID} kann nicht in Nicht-Datensatz-Seiten verwendet werden
  invalidRecordVar: Kann ${record...}-Variable nicht in Nicht-Datensatz-Seiten verwenden
  label: Datensatz
  listLoadFailed: Datensatzliste konnte nicht geladen werden
  moduleOrPageNotSet: 'Datensatzlisten-Blockfehler: Modul- oder Seitenoption nicht gesetzt'
  moduleMismatch: Modul inkompatibel, Modul nicht übereinstimmend
  preview:
    untitled: Unbenannt
  recordDeleted: Dieser Datensatz wurde gelöscht
  fieldConditions:
    action: + Hinzufügen
    field: Feld
recordList:
  addRecord: Hinzufügen
  cancelSelection: Abbrechen
  bulkRecord:
    reset: Reset
  editFields: Editierbare Modulfelder
  export:
    all: Alle Datensätze exportieren
    allow: Allow records export
    csv: CSV-Export
    dateRange: 'Select date range:'
    query:
      label: Suchabfrage
      placeholder: Suchen...
    filter:
      placeholder: feld1 = 1 AND feld2 = 232
      footnote: Simplified SQL condition (WHERE ...) syntax is supported. Variables like {{0}}, {{1}} and {{2}} are evaluated (when available)
      createdAt: Datensatz erstellt
      custom: Benutzerdefiniert
      lastMonth: Letzter Monat
      lastWeek: Letzte Woche
      thisMonth: Dieser Monat
      thisWeek: Diese Woche
      today: Heute
      from: Von
      to: An
      updatedAt: Datensatz aktualisiert
    inRange: Set date range
    includeQuery: Nach Suchanfrage filtern
    json: JSON-Export
    limitations: 'Einschränkung des CSV-Exports: nur der erste Wert in den mehrwertigen Feldern wird exportiert'
    rangeBy: 'Set range by:'
    recordCount: '{{count}} Datensätze bereit für den Export'
    selectFields: 'Wählen Sie die Felder aus, die Sie exportieren möchten:'
    selection: Ausgewählte Datensätze
    specifyTimezone: Export nach Zeitzone
    timezonePlaceholder: Zeitzone auswählen
  federated: Federation
  fields: Modulfelder
  filter:
    addField: Neues Filterfeld hinzufügen
    byValue: Datensätze auf der Grundlage von Feldwerten filtern
    conditions:
      and: UND
      or: ODER
    deletedRecords: Gelöschte Datensätze
    field: Filter Feld
    fieldPlaceholder: Wählen Sie ein Feld
    fieldValue: Feldwert
    including: Einschließlich
    label: Filter
    only: Nur
    operators:
      notEqual: Nicht gleich
    title: Datensatzlistefilter
    update: Filter updaten
    where: Wo
    without: Ohne
    filters:
      label: Filter
    name:
      label: Name
    role:
      label: Rolle(n)
  hideRecordCloneButton: Schaltfläche Datzensatz Klonen ausblenden
  hideRecordEditButton: Schaltfläche Datensatz bearbeiten ausblenden
  hideRecordPermissionsButton: Schaltfläche Datensatzberechtigungen ausblenden
  hideRecordReminderButton: Schaltfläche Datensatzerinnerung ausblenden
  hideRecordViewButton: Schaltfläche Datensatzansicht ausblenden
  import:
    dropzoneFileAdded: '{{name}} wurde hochgeladen und ist bereit für den Import ({{count}} Datensatz)'
    dropzoneFileAdded_plural: '{{name}} wurde hochgeladen und ist bereit für den Import ({{count}} Datensätze)'
    dropzoneLabel: Zum Hochladen hier klicken oder Datei ablegen (.csv oder JSON)
    failed: 'Während des Imports ist etwas schief gelaufen. Bitte versuchen Sie es erneut: {{failReason}}'
    fileColumns: Dateispalten
    hasRequiredFileFields: 'This module has required file upload fields that are not yet supported via the importer'
    matchFields: 'Match imported columns with existing ones:'
    moduleFields: Modulfelder
    onError: 'If any record fails to import:'
    onErrorFail: Import abbrechen
    onErrorSkip: Datensatz überspringen
    pickModuleField: Wählen Sie ein Modulfeld
    success: Import successful.
    report:
      count: Anzahl der Datensätze
      detectedErrors: Erkannte Fehler
      error: Fehler
      failedEntriesLine: Eintrag
      failedEntriesLines: Eingaben von bis (einschließlich)
      failedRecords: Fehlgeschlagene Datensätze
      finishedAt: Beendet am
      importedRecords: Importierte Datensätze
  label: Datensatzliste
  modulePlaceholder: Pick module
  pagination:
    next: Nächste
    prev: Prev
  positionField:
    label: Datensatzsortierfeld
  preview:
    resultsCan: Ergebnisse können
    resultsCant: Ergebnisse können nicht
    resultsPrefiltered: 'Die Ergebnisse werden vorgefiltert:'
    searchInput: Eingabefeld für die Suche
    sorting: Sortierung
    tableHeader: Tabellenkopf
    usersSearchThrough: Users search through the records.
    usersSee: Users see {{0}}.
    withPresortedRecords: with presorted ({{0}}) records.
  record:
    draggable: Datensätze können per Drag & Drop geordnet werden
    fullPageNavigation: Ganzseitige Navigation
    hideAddButton: Hide add record button
    hidePaging: Hide paging
    inlineEditor: Inline editor
    inlineEditorAllow: Allow inline record editing
    recordsLabel: Records
    perPage: Datensätze pro Seite
    prefilterFootnote: Simplified SQL condition (WHERE ...) syntax is supported. Variables like {{0}}, {{1}} and {{2}} are evaluated (when available)
    prefilterHideSearch: Hide search box
    prefilterLabel: Prefilter records
    prefilterPlaceholder: feld1 = 1 AND feld2 = 232
    presortFootnote: Simplified SQL condition (ORDER BY ...) syntax is supported.
    presortHideSort: Hide sorting
    presortLabel: Presort records
    presortPlaceholder: feld1 DESC, feld2 ASC
    showTotalCount: Gesamtzahl der Datensätze anzeigen
    tooltip:
      clone: Klonen
      edit: Bearbeiten
      delete: Löschen
      view: Ansicht
      permissions: Berechtigungen
  recordPage: Datensatz-Seite
  refField:
    footnote: Feld, das Datensätze mit dem übergeordneten Datensatz verknüpft
    label: Übergeordnetes Feld
  selectable: Enable record selection
  summaries:
    customSummaries:
      add:
        label: + Hinzufügen
    param:
      label:
        label: Label
      field:
        label: Feld
      metric:
        label: Metrisch
    metrics:
      sum:
        label: Sum
      min:
        label: Min
      max:
        label: Max
      avg:
        label: Avg
recordOrganizer:
  module:
    placeholder: Pick module
  group:
    footnote: Value that will be set to the key field. This does not affect the filtering. Make sure to specify the prefilter where needed.
  notConfigured: Record organizer is not configured correctly.
  positionField:
    footnote: Records will be sorted based on this field
    label: Datensatzsortierfeld
  preview:
    moduleNotSelected: Record Organizer module not selected.
  addNewRecord: + Hinzufügen
recordRevisions:
  viewer:
    operations:
      created: Erstellt
    revisions:
      columns:
        timestamp:
          label: Zeitstempel
        user:
          label: User
    changes:
      columns:
        field:
          label: Feld
  configurator:
    fields:
      columns:
        label:
          label: Label
        kind:
          label: Typ
socialFeed:
  label: Twitter-Feed
  noInput: Keine Eingabe für die Anzeige des Social Feeds...
  preview:
    socialFeed: Twitterblo-Feed
  twitterProfileField: Feld, das die Twitter-Profil-URL für einen Datensatz enthält
  twitterProfileLabel: Twitter-Profil-URL für Listenseiten, z. B. (https://twitter.com/bloomberg)
selectBlockFootnote: Einige Typen können für Nicht-Datenseiten deaktiviert sein
field:
  noPermission: Keine Berechtigung zum Lesen des Feldwertes
  selector:
    available: Verfügbare Felder
    systemField: (Systemfeld)
comment:
  label: Kommentare
  module:
    placeholder: Pick module
  titleField:
    label: Feld Titel
    footnote: Der Feldwert wird als Titel des Datensatzes verwendet
  contentField:
    label: Feld Inhalt *
    footnote: Der Feldwert wird als Datensatzinhalt verwendet
  title:
    placeholder: '$t(general.label.title)'
  submit: Absenden
  sortDirection:
    label: Sortierrichtung
  referenceField:
    label: Referenzfeld
  today: Heute
navigation:
  chart: Graphen
  fieldLabel: Label
  enabled: Aktiviert
  type: Typ
  disabled: Deaktivieren
  url: Location
  left: Links
  right: Rechts
  bottom: Unten
  top: Oben
  None: Kein
  primary: Primär
  secondary: Sekundär
  success: Erfolgreich
  warning: Warning
  danger: Gefährlich
  info: Info
  none: Kein
  preview:
    preview: Vorschau
    label: Label
progress:
  add: + Hinzufügen
  count: Anzahl
  aggregate:
    label: Aggregationsvorgang
  field:
    label: Feld
  module:
    select: Modul auswählen
    label: Module name
  preview: Live-Beispiel
  value:
    label: Wert
    default:
      label: Standard Wert
  variant:
    default: Dunkel
    danger: Gefährlich
    dark: Dunkel
    info: Info
    light: Hell
    primary: Primär
    secondary: Sekundär
    success: Erfolgreich
    warning: Warning
geometry:
  recordFeed:
    moduleLabel: Module name*
    modulePlaceholder: (Kein Modul)
    optionLabel: Records
    titleLabel: '$t(general.label.title)'
    titlePlaceholder: '$t(general.label.title)'
tabs:
  preview: Live-Beispiel
  newBlockModal: Neuen Block hinzufügen
  style:
    alignment:
      left: Links
      right: Rechts
    justify:
      none: Kein
    position:
      end: Ende
  table:
    columns:
      title:
        label: '$t(general.label.title)'
  tooltip:
    addBlock: Neuen Block hinzufügen
