selector:
  selectableBlocks:
    placeholder: Blocs d'autres dispositions de page
  tooltip:
    clone:
      ref: Cloner avec références
      noRef: Cloner sans références
automation:
  addPlaceholderLabel: Ajouter substitut (bouton factice)
  availableScriptsAndWorkflow: Scripts et processus disponibles ({{count}})
  badge:
    script: script
    workflow: processus
  buttonLabel: Étiquette
  buttonVariant: Variant
  configuredButtons: Boutons configurés
  dummyButtonLabel: Factice
  editButton: Éditer
  editTitle:
    script: Éditer bouton de script d'automatisme
    workflow: Éditer bouton de processus
  label: Automatisme
  noDescription: Pas de description
  noLabel: Non étiqueté
  noScript: Il n'y a pas de script ou flux de travail configuré pour ce bouton
  noScripts: Il n'y a pas de scripts manuels compatibles avec ce bloc de page
  removeAll: Supprimer tout
  searchPlaceholder: Filtrez les scripts disponibles par étiquette, nom de script et description
  stepID: 'ID d''étape de début : {{stepID}}'
  variants:
    primary: Primaire
    secondary: Secondaire
    light: Clair
    dark: Sombre
    success: Succès
    danger: Danger
    warning: Avertissement
calendar:
  source:
    label: Source
  addEventsSource: Ajouter une source d'évènement
  calendarHeader: Entête de calendrier
  feedLabel: Configurer source d'évènement
  feedPlaceholder: Sélectionnez une source d'évènement
  eventSource: Source d'évènement
  hideHeader: Cacher entête de calendrier
  hideNavigation: Cacher bouton précédent/suivant
  hideTitle: Cacher texte de titre
  hideToday: Cacher bouton "Aujourd'hui"
  label: Calendrier
  colorPicker: Choisissez une couleur
  colorLabel: Couleur d'évènement
  recordFeed:
    eventAllDay: Afficher comme évènements de journée complète
    eventEndFieldLabel: Fin d'évènement
    eventEndFieldPlaceholder: L'évènement durera 1 heure
    eventStartFieldLabel: Début d'évènement
    eventStartFieldPlaceholder: Champ de date de début d'évènement
    moduleLabel: Module
    modulePlaceholder: Sélectionnez un module
    optionLabel: Éléments
    prefilterLabel: Préfiltrer évènements
    prefilterPlaceholder: champ1 = 1 AND champ2 = 232
    titleLabel: Titre d'évènement
    titlePlaceholder: Champ utilisé comme titre d'évènement
  reminderFeed:
    optionLabel: Rappels
  today: Aujourd'hui
  view:
    dayGridMonth: Mois
    default: Vue par défaut
    enabled: Vues activées
    footnote: Assurez-vous que la vue par défaut est l'une des vues disponibles
    listMonth: Agenda
    timeGridDay: Jour
    timeGridWeek: Semaine
    onEventClick: Au clic de l'évènement
    openInSameTab: Ouvrir élément dans le même onglet
    openInNewTab: Ouvrir élément dans un nouvel onglet
    openInModal: Ouvrir élément dans une fenêtre
  viewLabel: Calendrier
chart:
  add: Nouveau graphique
  addFunnel: Graphique en entonnoir
  addGauge: Graphique en jauge
  addRadar: Graphique en radar
  addGeneric: Graphique générique
  createFailed: Impossible de créer le graphique
  enableLiveFilter: Activer filtrage en direct
  columns:
    name: Nom
    handle: Identifiant
    changedAt: Dernier changement
  configure:
    label: Configurer graphique
    reportLabel: Rapport {{l}}
    reportsLabel: Rapports
  display: Graphique à afficher dans ce bloc
  drillDown:
    label: Données détaillées
    description: Si une liste d'élément est sélectionnée, elle sera utilisée pour afficher les données détaillées. Sinon, ces données détaillées seront affichés dans une fenêtre.
    openInModal: Ouvrir dans une fenêtre
    configureColumns: Choisissez les champs par défaut
  edit:
    label: Éditer graphique
    dimension:
      function:
        date: DATE
        label: Fonction
        month: MOIS
        none: (pas de groupement / intervalles)
        placeholder: Sélectionnez le modificateur de dimension (taille de l'intervalle)
        quarter: TRIMESTRE
        week: SEMAINE
        year: ANNEE
  label: Graphique
  pick: Choisissez un graphique
  delete: Supprimer
  preview:
    chartId: Prévisualisation de graphique (ID {{0}})
  searchPlaceholder: Tapez ici pour rechercher parmi tous les graphiques de ce namespace
  openInBuilder: Ouvrir constructeur de graphique
  openChartList: Ouvrir liste de graphique
  filter:
    modal:
      title: Filtre de graphique
      originalFilter:
        label: Filtre original
      liveFilter:
        label: Filtre en direct
        placeholder: Sélectionner un filtre
      filterPreview:
        label: Prévisualisation de filtre
      options:
        label: Options de filtre
        and: Joindre les filtres avec AND
        or: Joindre les filtres avec OR
        overwrite: Écraser filtre original
content:
  ok: Ok
  label: Contenu
  urlPlaceholder: https://example.tld
file:
  label: Fichier
  preview:
    label: Bloc de fichier
general:
  descriptionLabel: Description
  descriptionPlaceholder: Description de bloc
  headerStyle: Style d'en-tête de bloc (couleur)
  magnifyLabel: Zoom du bloc
  customID:
    label: ID personnalisé
    placeholder: customID
    description: 'Utilisé pour référencer le bloc dans le CSS personnalisé (#customID). Doit être unique sur la page.'
    invalid-state: Doit contenir au moins 2 caractères. Ne peut contenir que des lettres, nombres, tirets bas et tirets. Doit se terminer avec une lettre ou un nombre
  customCSSClass:
    label: Classe CSS personnalisée
    placeholder: custom-class-1   custom-class-2
    description: Utilisé pour référencer le bloc dans CSS personnalisé (.custom-class)
    invalid-state: Ne peut contenir que des lettres, des chiffres, des traits de soulignement et des tirets. Doit se terminer par une lettre ou un chiffre. Utilisez des espaces pour séparer les classes
  visibility:
    label: Visibilité
    roles:
      label: Rôles
      placeholder: Choisir les rôles pouvant voir ce bloc
    condition:
      label: Condition
      placeholder: Quand le bloc sera-t-il visible
      description:
        record-page: "Vous pouvez utiliser {{0}}, {{1}}, {{2}}, {{3}} à l'intérieur de l'expression, par exemple : {{4}} ou {{5}}"
        non-record-page: "Vous pouvez utiliser {{0}}, {{1}} à l'intérieur de l'expression, par exemple : {{2}} ou {{3}}"
    tooltip:
      performance:
        condition: Utiliser des conditions de visibilité impactera les performances
  magnifyOptions:
    disabled: Désactivé
    modal: Fenêtre
    fullscreen: Plein écran
  wrap: Afficher bloc comme une carte
  hidden:
    label: Caché
  refresh:
    label: Rafraichir
    auto: Rafraichissement auto
    show: Afficher bouton de rafraichissement
    description: Définir une valeur de 5 ou supérieur activera le rafraichissement auto
    rate: secondes
  border:
    show: Afficher bordure
  label:
    add: Ajouter
    back: Retour
    edit: Éditer
    general: Général
    import: Importer
    next: Suivant
    none: Aucun
    ok: Ok
    permissions: Permissions
    remove: Supprimer
    save: Enregistrer
    cancel: Annuler
    search: Rechercher
    refresh: Rafraichir bloc
    magnify: Magnifier bloc
    and: Et
  module: Module
  style:
    danger: Variante "Danger"
    default: Variante "Sombre"
    primary: Variante "Primaire"
    secondary: Variante "Secondaire"
    success: Variante "Succès"
    warning: Variante "Avertissement"
  title: Ajouter nouveau bloc
  titleLabel: Titre
  titlePlaceholder: Titre de bloc
  tooltip:
    dragAndDrop: Glisser et déposer pour changer l'ordre
    translations: Traduction de champ
iframe:
  label: IFrame
  pickURLField: Choisissez un champ URL
  srcDesc: Utilisé comme solution de secours lorsque défini en combinaison avec un champ d'élément.
  srcFieldDesc: Uniquement disponible sur les pages d'élément pour les modules disposant d'un champ de type "url"
  srcFieldLabel: Champ (URL) d'élément à utiliser pour l'iframe
  srcLabel: URL à afficher dans l'iframe
metric:
  metricDrillDown: Données détaillées de la métrique
  defaultMetricLabel: Métrique sans nom
  drillDown:
    label: Données détaillées
    description: Si une liste d'élément est sélectionnée, elle sera utilisée pour afficher les données détaillées. Sinon, ces données détaillées seront affichés dans une fenêtre.
    openInModal: Ouvrir dans une fenêtre
  edit:
    bucketLabel: Taille d'intervalle
    bucketPlaceholder: Sélectionnez une taille d'intervalle
    dateFormat: Format de date
    dimensionFieldLabel: Champ
    dimensionFieldPlaceholder: Champ dimension
    dimensionLabel: Dimension
    filterLabel: Filtrer
    filterFootnote: Les syntaxes conditionnelles SQL simplifiées (WHERE ...) sont prises en charge. Les variables tels que {{0}}, {{1}}, {{2}} et {{3}} sont évaluées (lorsque disponible)
    transformFootnote: Les variables comme {{0}}, {{1}}, {{2}} et {{3}} sont évaluées (lorsque disponible). Assurez-vous d'entourer les variables par des guillemets ("")
    labelLabel: Étiquette
    labelPlaceholder: Étiquette
    metricFieldLabel: Champ
    metricFieldPlaceholder: Champ dimension
    metricLabel: Métrique
    metricFieldSelect: Sélectionnez un champ
    metricSelectAggregate: Sélectionnez l'opération d'agrégation
    metricAggregateLabel: Opération d'agrégation
    moduleLabel: Module
    modulePlaceholder: Choisissez un module
    numberFormat: Format de nombre
    operationAvg: Moy
    operationLabel: Opération d'agrégation
    operationMax: Max
    operationMin: Min
    operationPlaceholder: Opération d'agrégation
    operationStd: Std
    operationSum: Sum
    prefixLabel: Préfixe
    refreshData: Rafraichir données
    suffixLabel: Suffixe
    tabTitle: Métrique
    transformFunctionDescription: v - valeur actuelle ; label - étiquette de la valeur actuelle
    transformFunctionLabel: Transformation de valeur
  editStyle:
    backgroundColor: Couleur de fond
    color: Couleur de texte
    colorPicker: Choisissez une couleur
    fontSize: Taille de police en pixel
    labelLabel: Style d'étiquette
    valueLabel: Style de valeur
  label: Métrique
record:
  referenceRecordField: Élément de référence
  referenceRecordFieldPlaceholder: Sélectionnez le champ d'élément de référence
  referenceRecordFieldDescription: Permet d'afficher les détails de l'élément de référence. Les champs de sélection d'élément multi-valeurs ne sont pas disponibles
  confirmDelete: Êtes-vous de vouloir supprimer cet élément ?
  deleteFailed: Impossible de supprimer l'élément
  deleteRecord: Supprimer élément
  invalidOwnerVar: Impossible d'utiliser la variable ${ownerID} dans les pages sans élément
  invalidRecordVar: Impossible d'utiliser la variable ${record...} dans les pages sans élément
  label: Élément
  listLoadFailed: Impossible de charger la liste des éléments
  moduleOrPageNotSet: 'Erreur de bloc RecordList : le module ou les options de page n''ont pas été définis'
  moduleMismatch: Module incompatible, module incohérent
  horizontalFormLayout: Disposition horizontale du formulaire
  inlineEdit:
    enabled: Édition de valeur en ligne activée
    allowAddField: Autoriser l'ajout de champs à l'édition en ligne
    button:
      title: Éditer valeur
    modal:
      title: Mettre à jour valeurs de l'élément
  fieldsLayoutMode:
    label: Mode de disposition des champs
    default: Défaut
    noWrap: Sans retour à la ligne automatique
    wrap: Retour à la ligne automatique
  preview:
    blockNoRecord: Impossible d'afficher ce bloc sans un élément
    fieldsFromModule: Bloc d'élément seul, affichant les champs ({{0}}) du module {{1}}
    untitled: Sans titre
  recordDeleted: Cet enregistrement a été supprimé
  recordSelectorDisplayOptions: Lors de clic sur une valeur de champ d'un élément
  openInSameTab: Ouvrir élément dans le même onglet
  openInNewTab: Ouvrir élément dans un nouvel onglet
  openInModal: Ouvrir élément dans une fenêtre
  fieldConditions:
    label: Champs conditionnels
    action: + Ajouter
    placeholder: Quand ce champ doit être affiché ?
    selectPlaceholder: Sélectionnez un champ
    help: Exemple
    field: Champ
    condition: Condition
    tooltip:
      performance: Utilisé des champs conditionnels impactera les performances
  recordSelectorCanAddRecord: Peut ajouter un élément par le sélecteur d'élément
  recordSelectorAddRecordDisplayOption: Lors de l'ajout d'élément par un sélecteur d'élément
recordList:
  noModule: Pas de module sélectionné
  addRecord: Ajouter
  cancelSelection: Annuler
  customFilter: Filtre personnalisé
  prefilter:
    toggleInputType: Basculer le type d'entrée
  filterByValue: Filtrer par valeur
  filterPresets:
    filterName: Nom de filtre
    saveFilterAsPreset: Enregistrer filtre comme préréglage
  inlineValueFilter:
    enabled: Activer filtrage de valeur en ligne
  inlineEdit:
    enabled: Édition de valeur en ligne activée
    allowAddField: Autoriser l'ajout de champs à l'édition en ligne
    fields:
      configure:
        tooltip: Configurez les champs d'édition en ligne
    button:
      title: Éditer valeur
    modal:
      title: Mettre à jour valeurs de l'élément
  bulkRecord:
    title: Mettre à jour l'élément sélectionné
    field:
      add: Ajoutez un champ à mettre à jour
      addAnother: Ajoutez un autre champ à mettre à jour
      remove: Supprimer champ
    reset: Réinitialiser
  drillDown:
    filter:
      label: Filtre de données détaillées
  tooltip:
    deleteSelected: Supprimer l'élément sélectionné
    performance:
      impact: Cette fonction impactera les performances
      moduleFields: Sélectionner un nombre important de champs ou afficher les champs de type élément/utilisateur impactera les performances
      perPage: Afficher un nombre important d'éléments par page impactera les performances, en particulier si vous affichez des champs d'élément/utilisateur
    restoreSelected: Restaurer les éléments sélectionnés
  editFields: Champs de module éditables
  export:
    all: Exporter tous les éléments
    allow: Les utilisateurs seront capables d'exporter des éléments
    csv: Export CSV
    dateRange: Sélectionnez la plage de date
    multiValueDelimiter:
      label: Délimiteur de valeurs multiples
      semicolon:
        label: valeur 1;valeur 2;...;valeur n
      comma:
        label: valeur 1,valeur 2,...,valeur n
      pipe:
        label: valeur 1|valeur 2|...|valeur n
      semicolonArray:
        label: "[valeur 1;valeur 2;...;valeur n]"
      commaArray:
        label: "[valeur 1,valeur 2,...,valeur n]"
      pipeArray:
        label: "[valeur 1|valeur 2|...|valeur n]"
    query:
      label: Requête de recherche
      placeholder: Rechercher...
    filter:
      label: Filtre d'élément
      placeholder: champ1 = 1 AND champ2 = 232
      footnote: Les syntaxes conditionnelles SQL simplifiées (WHERE ...) sont prises en charge. Les variables tels que {{0}}, {{1}}, {{2}} et {{3}} sont évaluées (lorsque disponible)
      createdAt: Élément créé
      custom: Personnalisé
      lastMonth: Mois dernier
      lastWeek: Semaine dernière
      thisMonth: Ce mois
      thisWeek: Cette semaine
      today: Aujourd'hui
      from: Depuis
      to: A
      updatedAt: Élément mis à jour
    inRange: Plage de date
    includeQuery: Filtrer par requête de recherche
    json: Export JSON
    limitations: 'Limitation export CSV : Seule la première valeur d''un champ à multiples valeurs sera exportée'
    rangeBy: Définir plage par
    recordCount: '{{count}} éléments prêts à être exportés'
    selectFields: 'Sélectionnez les champs à exporter :'
    selection: Éléments sélectionnés
    specifyTimezone: Exporter à un fuseau horaire
    timezonePlaceholder: Sélectionnez un fuseau horaire
    datePresetUndefined: Préréglage de date inconnu
  federated: Fédéré
  fields: Champs de module
  filter:
    addField: Ajouter nouveau champ de filtrage
    byValue: Filtrer élément selon la valeur de champ
    addFilterToPreset: Enregistrer comme préréglage
    nil: 'NULL'
    conditions:
      and: AND
      or: OR
    operatorLabels:
      is: est
      equal: est égal
      notEqual: est différent de
      in: contient
      notIn: ne contient pas
      greaterThan: est plus grand que
      lessThan: est plus petit que
      like: est comme
      notLike: n'est pas comme
      between: est entre
      notBetween: n'est pas entre
    deletedRecords: Éléments supprimés
    field: Champ de filtrage
    fieldPlaceholder: Choisissez un champ
    fieldValue: Valeur de champ
    fieldValuePlaceholder: Saisissez champ de filtrage
    including: Comprenant
    label: Filtrer
    note: 'Note : Si la valeur de champ n''est pas définie, le filtre cherchera des éléments dont la valeur de champ n''est également pas définie.'
    only: Uniquement
    operators:
      like: Comme
      notLike: Pas comme
      contains: Contenant
      notContains: Ne contenant pas
      equal: Égal
      greaterThan: Plus grand que
      lessThan: Plus petit que
      notEqual: Différent de
      between: Entre
      notBetween: Pas entre
    title: Filtre de liste d'éléments
    update: Mettre à jour filtre
    where: Lorsque
    without: Sans
    presets: Filtres prédéfinis
    reset: Réinitialiser filtre
    filters:
      label: Filtres
      active: 'Filtres actifs :'
    name:
      label: Nom
      placeholder: Nom de filtre
    role:
      label: Rôle(s)
      placeholder: Sélectionnez le(s) rôle(s) qui pourront utiliser le filtre
  hideRecordCloneButton: Cacher bouton de duplication d'élément
  hideRecordEditButton: Cacher bouton d'édition d'élément
  hideRecordPermissionsButton: Cacher bouton permissions d'élément
  hideRecordReminderButton: Cacher bouton de rappel d'élément
  hideRecordViewButton: Cacher bouton d'affichage d'élément
  hideConfigureFieldsButton: Les utilisateurs pourront définir les champs à afficher
  enableRecordPageNavigation: Les utilisateurs pourront naviguer vers l'élément précédent/suivant
  import:
    dropzoneFileAdded: '{{name}} a été téléversé et est prêt pour l''import ({{count}} élément)'
    dropzoneFileAdded_plural: '{{name}} a été téléversé et est prêt pour l''import ({{count}} éléments)'
    dropzoneLabel: Cliquer ou déposer un fichier pour téléverser (format .csv ou .zip)
    failed: 'Une erreur s''est produite lors de l''import. Veuillez réessayer : {{failReason}}'
    fileColumns: Colonnes du fichier
    hasRequiredFileFields: 'Ce module à des champs de type "import de fichier" obligatoire'
    matchFields: 'Faites correspondre les champs importés avec les champs existants'
    moduleFields: Champs de module
    onError: Si un élément ne parvient pas à être importé
    onErrorFail: Annuler import
    onErrorSkip: Ignorer élément
    pickModuleField: Choisissez un champ de module
    importing: Importation d'éléments
    success: Importation réussie
    to: Import dans {{modulename}}
    uploadFile: Téléverser le fichier à importer (format .csv ou .zip)
    idFieldDescription: Les éléments avec un ID correspondant seront mis à jour.
    multiValueDelimiter:
      label: Délimiteur de valeurs multiples
      semicolon:
        label: valeur 1;valeur 2;...;valeur n
      comma:
        label: valeur 1,valeur 2,...,valeur n
      pipe:
        label: valeur 1|valeur 2|...|valeur n
      semicolonArray:
        label: "[valeur 1;valeur 2;...;valeur n]"
      commaArray:
        label: "[valeur 1,valeur 2,...,valeur n]"
      pipeArray:
        label: "[valeur 1|valeur 2|...|valeur n]"
    report:
      count: Nombre d'éléments
      detectedErrors: Erreurs détéctées
      error: Erreur
      failedEntries: Entrées sources ayant échouées
      failedEntriesLine: Entrée
      failedEntriesLines: Entrées source destination (inclusive)
      failedRecords: Éléments non importés
      finishedAt: Terminé à
      importedRecords: Éléments importés
      startedAt: Débuté à
      title: Rapport d'erreur d'import d'élément
      totalRecords: Total d'éléments
  label: Liste d'élément
  modulePlaceholder: Sélectionnez un module
  moduleFootnote: Les modules sans {{0}} peuvent uniquement être utilisés dans une liste d'éléments comme éditeur en ligne
  moduleFieldsFootnote: Si aucun champ n'est sélectionné, les champs par défaut seront affichés
  noRecords: Il n'y a aucun d'élément correspondant à votre requête
  pagination:
    next: Suivant
    prev: Précédent
    showing: '{{from}} - {{to}} sur {{count}} éléments'
    single_one: Un élément
    single_other: '{{count}} éléments'
    recordsPerPage: Par Page
    selectLabel: Sélectionnez une option
  positionField:
    footnote: Les éléments seront triés selon ce champ
    placeholder: Champ qui contiendra la position de l'élément
    label: Champ de tri d'élément
  preview:
    addRecordButton: Bouton d'ajout d'élément
    bePaged: '{{0}} est paginé.'
    isDisabled: '{{0}} est désactivé.'
    isEnabled: '{{0}} est activé.'
    isHidden: '{{0}} est caché.'
    isShown: '{{0}} est affiché.'
    moduleNotSelected: Bloc avec un tableau d'éléments, aucun module sélectionné.
    recordFromModule: 'Affichage les éléments du module {{0}} avec les colonnes : {{1}}'
    recordsPerPage: '{{0}} éléments seront visibles par page.'
    resultsCan: Les résultats peuvent
    resultsCant: Les résultats ne peuvent pas
    resultsPrefiltered: 'Les résultats sont préfiltrés :'
    searchInput: Zone de saisie de recherche
    sorting: Tri
    tableHeader: En-tête de tableau
    usersSearchThrough: Les utilisateurs recherchent dans les éléments
    usersSee: Les utilisateurs voient {{0}}
    withPresortedRecords: avec élément pré-trié ({{0}})
  record:
    draggable: Peux glisser-déposer les enregistrements pour les trier
    editMode: Ouvrir éléments en mode édition par défaut
    fullPageNavigation: Navigation paginée complète
    hideAddButton: Les utilisateurs pourront ajouter des éléments
    hideImportButton: Les utilisateurs seront capables d'importer des éléments
    pagingLabel: Pagination
    pagingOptions: Options de pagination
    moreOptions: Plus d'options
    hidePaging: L'utilisateur pourra naviguer à travers les pages
    inlineEditor: Options "inline"
    inlineEditorAllow: Éditeur d'élément "inline"
    recordsLabel: Éléments
    noPermission: Aucune autorisation de lecture de l'élément
    perPage: Éléments par page
    prefilterFootnote: Les syntaxes conditionnelles SQL simplifiées (WHERE ...) sont prises en charge. Les variables tels que {{0}}, {{1}}, {{2}} et {{3}} sont évaluées (lorsque disponible)
    prefilterHideSearch: Les utilisateurs pourront rechercher dans la liste d'élément
    filterHide: Les utilisateurs pourront filtrer la liste
    prefilterLabel: Filtrage
    generalLabel: Paramètres généraux
    prefilterCommand: Préfiltre
    prefilterPlaceholder: champ1 = 1 AND champ2 = 232
    presortFootnote: Les syntaxes conditionnelles SQL simplifiées (ORDER BY ...) sont prises en charge
    presortToggleInput: Basculer le type d'entrée
    presortHideSort: Les utilisateurs pourront trier dans la liste d'élément
    presortLabel: Tri
    presortInputLabel: Pré-tri
    presortPlaceholder: champ1 DESC, champ2 ASC
    showTotalCount: Afficher nombre total d'élément
    showRecordPerPageOption: L'utilisateur pourra sélectionner le nombre éléments par page
    showDeletedRecordsOption: Afficher l'option de visualiser les éléments supprimés
    setCustomFilterPresets: Les utilisateurs seront capables de définir des filtres prédéfinis
    openInSameTab: Ouvrir élément dans le même onglet
    openInNewTab: Ouvrir élément dans un nouvel onglet
    openInModal: Ouvrir élément dans une fenêtre
    createInSameTab: Créer élément dans le même onglet
    createInNewTab: Créer élément dans un nouvel onglet
    createInModal: Créer élément dans une fenêtre
    enableBulkRecordEdit: Activer l'édition en masse d'élément
    buttons: Boutons de gestion d'élément
    tooltip:
      clone: Cloner
      edit: Éditer
      delete: Supprimer
      restore: Restaurer
      reminder: Rappeler
      view: Afficher
      permissions: Permissions
    recordDisplayOptions: Au clic sur un élément
    recordSelectorDisplayOptions: Au clic de la valeur d'un élément
    addRecordOptions: Au clic d'ajout d'un élément
    textStyles: Styles du texte
    configureWrappedFields: Sélectionnez les champs avec retour à la ligne automatique
  recordPage: page d'élément
  refField:
    footnote: Champ associant les éléments à un élément parent
    label: Champ parent
  selectable: Les utilisateurs pourront sélectionner des éléments
  selected: '{{count}} sur {{total}} éléments sélectionnés'
  selectedFromAllPages: 'Tous les {{count}} éléments sur l''ensemble des pages ont été sélectionnés'
  selectAllRecords: Sélectionner tous les éléments sur l'ensemble des pages
  unselectAllRecords: Annuler la sélection
  sort:
    tooltip: Trier colonne
  showRecords:
    deleted: Afficher les éléments supprimés
    existing: Afficher éléments existants
  summaries:
    label: Sommaires
    customSummaries:
      label: Sommaires personnalisés
      description: Les utilisateurs seront capables de définir des sommaires personnalisés
      add:
        label: + Ajouter
        tooltip: Ajouter un sommaire dédié
    param:
      label:
        label: Étiquette
        placeholder: Titre de sommaire
      field:
        label: Champ
        placeholder: Champ de module
      metric:
        label: Métrique
        placeholder: Métrique de sommaire
      role:
        label: Rôle
        placeholder: Rôles capables d'afficher le sommaire
    metrics:
      sum:
        label: Sum
      min:
        label: Min
      max:
        label: Max
      avg:
        label: Moy
      emptyCount:
        label: Nombre de vides
      notEmptyCount:
        label: Nombre de non vides
      uniqueCount:
        label: Nombre de valeurs uniques
recordOrganizer:
  onRecordClick: Mode d'affichage d'élément
  openInSameTab: Ouvrir dans le même onglet
  openInNewTab: Ouvrir dans un nouvel onglet
  openInModal: Ouvrir dans une fenêtre
  module:
    placeholder: Sélectionnez un module
  descriptionField:
    footnote: La valeur de ce champ sera utilisé comme description d'élément
    label: Champ de description
  group:
    footnote: Valeur qui sera définie par le champ clé. Les éléments seront filtrés selon cette valeur, si elle est définie.
    label: Valeur de clé
  groupField:
    footnote: Champ dont la valeur changera lorsqu'un élément sera déplacé dans l'organisateur d'éléments
    label: Champ de clé
  label: Organisateur d'élément
  labelField:
    footnote: Valeur qui sera utilisée comme étiquette d'élément
    label: Étiquette de champ
  noRecords: Aucun élément dans le module lié à l'organisateur d'éléments. Glissez-déposez des éléments ici.
  notConfigured: L'organisateur d'élément n'est pas configuré correctement
  positionField:
    footnote: Les éléments seront triés selon ce champ. La valeur de ce champ sera mise à jour selon la position de l'enregistrement.
    placeholder: Champ qui contiendra la position de l'élément
    label: Champ de tri d'élément
  preview:
    label: 'Bloc organisateur d''éléments pour le module {{0}}. Champ d''étiquette {{1}}, champ description {{2}}. Champ de définition de valeur : {{3}}, trié par champ de position : {{4}}.'
    moduleNotSelected: Le module de l'organisateur d'élément n'est pas sélectionné
  addNewRecord: + Ajouter
recordRevisions:
  label: Révisions d'élément
  viewer:
    errors:
      no-record: Aucun élément trouvé pour en afficher les révisions
      no-revisions: Aucune révision d'élément trouvée
      disabled-on-module: Les révisions d'élément sont désactivées sur ce module
    show-revisions: Afficher révisions d'élément ({{ revision }})
    show-changes: "{{ count }} changement(s)"
    operations:
      created: Créé
      updated: Mis à jour
      soft-deleted: Supprimé logiciellement
      undeleted: Restauré
      hard-deleted: Supprimé physiquement
    revisions:
      columns:
        timestamp:
          label: Horodatage
        operation:
          label: Opération
        user:
          label: Utilisateur
    changes:
      columns:
        field:
          label: Champ
        old-value:
          label: Ancienne valeur
        new-value:
          label: Nouvelle valeur
  configurator:
    label: Révisions d'élément
    preload: Précharger révisions d'élément
    errors:
      invalid-module-id: Le champ ne contient pas un ID de module valide.
    fields:
      label: Configurer champs à afficher dans les révisions de modification d'élément
      show-all:
        label: Afficher modification pour tous les champs
      columns:
        label:
          label: Étiquette
        kind:
          label: Type
        displayed-fields:
          label: Afficher
        expanded-references:
          label: Étendre les références
socialFeed:
  label: Fil Twitter
  noInput: Aucune entrée pour afficher le flux social...
  preview:
    socialFeed: Fil Twitterblo
  twitterProfileField: Champ qui contient l'URL de profile Twitter pour un élément
  twitterProfileLabel: 'URl de profile Twitter pour les pages de liste (exemple : https://x.com/bloomberg)'
selectBlockFootnote: Certains types peuvent être désactivés pour les pages sans élément associé 
field:
  noPermission: Aucune autorisation de lecture de la valeur du champ
  selector:
    available: Champs disponibles
    systemField: (champs système)
comment:
  label: Commentaires
  module:
    placeholder: Sélectionnez un module
  titleField:
    label: Champ de titre
    footnote: La valeur de ce champ sera utilisé comme titre
  contentField:
    label: Champ de contenu
    footnote: La valeur de ce champ sera utilisé comme contenu
  replyField:
    label: Champ de réponse
    footnote: La valeur de ce champ sera utilisé comme réponse
  title:
    placeholder: Titre
  content:
    placeholder: Commentez ici...
  submit: Envoyer
  noComments: Aucun commentaire pour le moment
  load:
    older: Charger anciens commentaires
    newer: Charger nouveaux commentaires
  sortDirection:
    label: Direction de tri
    footnote: Tri les commentaires par leurs dates de création
    asc: Plus récent en premier
    desc: Plus ancien en premier
  referenceField:
    label: Champ de référence
    footnote: Champ associant les commentaires à l'élément parent
  today: Aujourd'hui
  yesterday: Hier
navigation:
  chart: Graphiques
  colorPicker: Choisissez une couleur
  noNavigationItems: Aucun élément de navigation configuré
  label: Navigation
  displayOptions: Options d'affichage
  appearance: Apparence
  alignment: Alignement
  justify: Justification
  fieldLabel: Étiquette
  enabled: Activé
  openIn: Ouvrir dans
  navigationItems: Éléments de navigation
  type: Type
  disabled: Désactivé
  color: Couleur
  background: Fond
  url: URL
  drop: Position de liste déroulante
  add: Ajouter élément de navigation
  addDropdown: Ajouter élément de liste déroulante
  composePage: Page Compose
  tabs: Onglets
  pills: Pilules
  small: Petit
  center: Centre
  left: Gauche
  right: Droite
  bottom: Bas
  top: Haut
  None: Aucune
  primary: Primaire
  secondary: Secondaire
  success: Succès
  warning: Avertissement
  danger: Danger
  info: Info
  text: Texte
  dropdown: Liste déroulante
  multi: Multi-ligne
  sameTab: Même onglet
  selectOpenInType: Sélectionnez type d'ouverture
  newTab: Nouvel onglet
  dropdownItems: Élements de liste déroulante
  delimiter: Délimiteur
  none: Aucune
  displaySubPages: Afficher sous-page
  selectBackground: Sélectionnez fond
  preview:
    preview: Prévisualisation
    label: Étiquette
    home: Accueil
    dropdown: liste déroulante
    about: à propos
report:
  label: Rapport
  scenario:
    label: Scénario
  element:
    label: Afficher élément
progress:
  add: + Ajouter
  count: Compte
  aggregate:
    label: Opération d'agrégation
    select: Sélectionnez l'opération d'agrégation
  animated: Animé
  default-variant: Variante par défaut
  display-options: Options d'affichage
  fetch-failed: Échec de la récupération du rapport de la barre de progression
  field:
    label: Champ
    select: Sélectionnez un champ
  label: Barre de progrès
  module:
    select: Sélectionnez un module
    label: Module
  preview: Exemple en direct
  show:
    value: Afficher valeur
    relative: Afficher relatif
    progress: Afficher progrès
  tab:
    label: Progrès
  thresholds: Seuils
  threshold:
    label: Seuil
    variant: Défini quelle variante utiliser si la valeur est égale ou supérieur au seuil
  value:
    label: Valeur
    min: Valeur minimale
    max: Valeur maximale
    default:
      label: Valeur par défaut
      description: Cette valeur sera utilisée si la métrique n'est pas configurée
  variant:
    default: Sombre
    danger: Danger
    dark: Sombre
    info: Info
    light: Clair
    primary: Primaire
    secondary: Secondaire
    success: Succès
    warning: Avertissement
geometry:
  label: Carte
  viewLabel: Carte
  feedLabel: Configurer les sources
  source:
    label: Source
  addSource: Ajouter une source
  lock: Verrouiller
  mapHelpText: Déplacez et faites défiler la carte jusqu'à la position par défaut. Vous pouvez également verrouiller la position ou zoomer pour empêcher les utilisateurs de s'éloigner trop.
  onMarkerClick: Au clic de marqueur
  openInSameTab: Ouvrir dans le même onglet
  openInNewTab: Ouvrir dans un nouvel onglet
  openInModal: Ouvrir dans une fenêtre
  hideGeoSearch: Cacher recherche de localisation
  recordFeed:
    colorPicker: Choisissez une couleur
    moduleLabel: Module*
    modulePlaceholder: (Aucun module)
    optionLabel: Éléments
    prefilterLabel: Préfiltrer sources
    colorLabel: Couleur de marqueur
    geometryFieldLabel: Champ localisation*
    titleLabel: Titre
    titlePlaceholder: Titre
    geometryFieldPlaceholder: Champ localisation
    displayMarker: Afficher marqueur
    displayPolygon: Afficher polygone
  centerLabel: Centre
  zoom:
    zoomLabel: Zoom
    zoomMinLabel: Zoom min
    zoomMaxLabel: Zoom max
    zoomStartingLabel: Zoom à partir de
  bounds:
    boundsLabel: Limites
    lockBounds: Verrouiller limites
    topLeft: Limites en haut à gauche
    lowerRight: Limites en bas à droite
  tooltip:
      goToCurrentLocation: Aller à la localisation actuelle
tabs:
  label: Onglets
  alertTitle: Définissez un titre pour votre bloc
  title: Onglets
  tab: Onglet
  selectBlock: Choisissez un bloc
  noTabs: Aucun onglet configuré
  noBlock: Aucun bloc configuré
  displayTitle: Options d'affichage
  preview: Exemple en direct
  newBlockModal: Ajouter nouveau bloc
  placeholder:
    block: Sélectionnez un bloc comme onglet
  style:
    appearance:
      label: Apparence
      tabs: Onglets
      pills: Pilules
      small: Petit
    alignment:
      label: Alignement
      left: Gauche
      center: Centre
      right: Droite
    justify:
      label: Justification
      justify: Justification
      none: Aucune
    orientation:
      label: Orientation
      vertical: Vertical
      horizontal: Horizontal
    position:
      label: Position
      start: Début
      end: Fin
  table:
    columns:
      title:
        label: Titre
      block:
        label: Bloc
  tooltip:
    edit: Éditer bloc
    clone: Cloner bloc et onglet
    copy: Copier bloc
    delete: Supprimer onglet
    editDisabled: L'édition des onglets est désactivé jusqu'à l'enregistrement de ce bloc
    addBlock: Ajouter nouveau bloc
noConfiguration: Le bloc n'est pas correctement configuré
interpolationFootnote: Les variables comme {{0}}, {{1}}, {{2}} et {{3}} sont évaluées (quand disponible)
